<?xml version="1.0" encoding="utf-8"?>
<Project ToolsVersion="4.0" xmlns="http://schemas.microsoft.com/developer/msbuild/2003">
  <ItemGroup>
    <Filter Include="Source Files">
      <UniqueIdentifier>{4FC737F1-C7A5-4376-A066-2A32D752A2FF}</UniqueIdentifier>
      <Extensions>cpp;c;cc;cxx;def;odl;idl;hpj;bat;asm;asmx</Extensions>
    </Filter>
    <Filter Include="Header Files">
      <UniqueIdentifier>{93995380-89BD-4b04-88EB-625FBE52EBFB}</UniqueIdentifier>
      <Extensions>h;hpp;hxx;hm;inl;inc;xsd</Extensions>
    </Filter>
    <Filter Include="Resource Files">
      <UniqueIdentifier>{67DA6AB6-F800-4c08-8B7A-83BB121AAD01}</UniqueIdentifier>
      <Extensions>rc;ico;cur;bmp;dlg;rc2;rct;bin;rgs;gif;jpg;jpeg;jpe;resx;tiff;tif;png;wav</Extensions>
    </Filter>
  </ItemGroup>
  <ItemGroup>
    <ClCompile Include="AssemblyInfo.cpp">
      <Filter>Source Files</Filter>
    </ClCompile>
    <ClCompile Include="..\FaceDetect\common\classifier.cpp">
      <Filter>Source Files</Filter>
    </ClCompile>
    <ClCompile Include="DetectionResult.cpp">
      <Filter>Source Files</Filter>
    </ClCompile>
    <ClCompile Include="..\FaceDetect\common\detector.cpp">
      <Filter>Source Files</Filter>
    </ClCompile>
    <ClCompile Include="FaceDetector.cpp">
      <Filter>Source Files</Filter>
    </ClCompile>
    <ClCompile Include="..\FaceDetect\common\feature.cpp">
      <Filter>Source Files</Filter>
    </ClCompile>
    <ClCompile Include="FeaturePts.cpp">
      <Filter>Source Files</Filter>
    </ClCompile>
    <ClCompile Include="..\FaceDetect\common\image.cpp">
      <Filter>Source Files</Filter>
    </ClCompile>
    <ClCompile Include="..\FaceDetect\common\imageinfo.cpp">
      <Filter>Source Files</Filter>
    </ClCompile>
    <ClCompile Include="LabeledImageCollection.cpp">
      <Filter>Source Files</Filter>
    </ClCompile>
    <ClCompile Include="LabeledImg.cpp">
      <Filter>Source Files</Filter>
    </ClCompile>
    <ClCompile Include="ObjectDetector.cpp">
      <Filter>Source Files</Filter>
    </ClCompile>
    <ClCompile Include="ScoredRect.cpp">
      <Filter>Source Files</Filter>
    </ClCompile>
    <ClCompile Include="Stdafx.cpp">
      <Filter>Source Files</Filter>
    </ClCompile>
    <ClCompile Include="..\FaceDetect\common\wrect.cpp">
      <Filter>Source Files</Filter>
    </ClCompile>
  </ItemGroup>
  <ItemGroup>
    <ClInclude Include="..\FaceDetect\common\classifier.h">
      <Filter>Header Files</Filter>
    </ClInclude>
    <ClInclude Include="..\FaceDetect\common\classify.h">
      <Filter>Header Files</Filter>
    </ClInclude>
    <ClInclude Include="DetectionResult.h">
      <Filter>Header Files</Filter>
    </ClInclude>
    <ClInclude Include="..\FaceDetect\common\detector.h">
      <Filter>Header Files</Filter>
    </ClInclude>
    <ClInclude Include="FaceDetect.h">
      <Filter>Header Files</Filter>
    </ClInclude>
    <ClInclude Include="FaceDetector.h">
      <Filter>Header Files</Filter>
    </ClInclude>
    <ClInclude Include="..\FaceDetect\common\feature.h">
      <Filter>Header Files</Filter>
    </ClInclude>
    <ClInclude Include="FeaturePts.h">
      <Filter>Header Files</Filter>
    </ClInclude>
    <ClInclude Include="..\FaceDetect\common\features.h">
      <Filter>Header Files</Filter>
    </ClInclude>
    <ClInclude Include="..\FaceDetect\common\image.h">
      <Filter>Header Files</Filter>
    </ClInclude>
    <ClInclude Include="..\FaceDetect\common\imageinfo.h">
      <Filter>Header Files</Filter>
    </ClInclude>
    <ClInclude Include="LabeledImageCollection.h">
      <Filter>Header Files</Filter>
    </ClInclude>
    <ClInclude Include="LabeledImg.h">
      <Filter>Header Files</Filter>
    </ClInclude>
    <ClInclude Include="ObjectDetector.h">
      <Filter>Header Files</Filter>
    </ClInclude>
    <ClInclude Include="resource.h">
      <Filter>Header Files</Filter>
    </ClInclude>
    <ClInclude Include="ScoredRect.h">
      <Filter>Header Files</Filter>
    </ClInclude>
    <ClInclude Include="Stdafx.h">
      <Filter>Header Files</Filter>
    </ClInclude>
    <ClInclude Include="..\FaceDetect\common\svm.h">
      <Filter>Header Files</Filter>
    </ClInclude>
    <ClInclude Include="..\FaceDetect\common\wrect.h">
      <Filter>Header Files</Filter>
    </ClInclude>
  </ItemGroup>
  <ItemGroup>
    <Image Include="app.ico">
      <Filter>Resource Files</Filter>
    </Image>
  </ItemGroup>
  <ItemGroup>
    <ResourceCompile Include="app.rc">
      <Filter>Resource Files</Filter>
    </ResourceCompile>
  </ItemGroup>
  <ItemGroup>
    <Text Include="ReadMe.txt" />
  </ItemGroup>
</Project>