
Microsoft Visual Studio Solution File, Format Version 11.00
# Visual Studio 2010
Project("{FAE04EC0-301F-11D3-BF4B-00C04F79EFBC}") = "main", "..\main\main.csproj", "{C7B5C0F4-37C0-4FE3-AAA7-C93A31F75F8A}"
EndProject
Project("{8BC9CEB8-8B4A-11D0-8D11-00A0C91BC942}") = "common", "..\..\..\..\public\common\common.vcxproj", "{D0004613-5E6E-4112-8CD3-E0656E48CCA9}"
EndProject
Project("{FAE04EC0-301F-11D3-BF4B-00C04F79EFBC}") = "FaceSortBackEnd", "..\FaceSortBackEnd\FaceSortBackEnd.csproj", "{2BAE6CE0-7F8A-4492-BDAA-AE55DA951412}"
	ProjectSection(ProjectDependencies) = postProject
		{088B2327-1594-4762-ADF9-409738344854} = {088B2327-1594-4762-ADF9-409738344854}
	EndProjectSection
EndProject
Project("{FAE04EC0-301F-11D3-BF4B-00C04F79EFBC}") = "FaceSortUI", "FaceSortUI.csproj", "{7F9578B9-30C4-4E97-B85B-B2CA84681B78}"
EndProject
Project("{FAE04EC0-301F-11D3-BF4B-00C04F79EFBC}") = "LibFaceSort", "..\..\..\CollaborativeLibs_01\LibFaceSort\LibFaceSort.csproj", "{C41826C7-0D33-4D27-9032-1CAC764794D6}"
EndProject
Project("{FAE04EC0-301F-11D3-BF4B-00C04F79EFBC}") = "LibImage_vs2005", "..\..\..\CollaborativeLibs_01\LibImage\LibImage_vs2005.csproj", "{088B2327-1594-4762-ADF9-409738344854}"
EndProject
Project("{FAE04EC0-301F-11D3-BF4B-00C04F79EFBC}") = "Exocortex.DSP.v1", "..\..\..\CollaborativeLibs_01\Exocortex\src\Exocortex.DSP.v1.csproj", "{1904A41B-D1B8-40E5-ADBB-728DDCF7C816}"
EndProject
Project("{8BC9CEB8-8B4A-11D0-8D11-00A0C91BC942}") = "LibFaceDetect", "..\..\..\CollaborativeLibs_01\LibFaceDetect\DetectionManagedLib\LibFaceDetect.vcxproj", "{8367CBB3-F55E-473B-9D3E-814A8BC38B19}"
EndProject
Project("{8BC9CEB8-8B4A-11D0-8D11-00A0C91BC942}") = "EyeDetect", "..\EyeDetect\EyeDetect.vcxproj", "{E3278D97-9BCD-428D-B585-2F2E785314DB}"
EndProject
Project("{FAE04EC0-301F-11D3-BF4B-00C04F79EFBC}") = "LibMath_vs2005", "..\..\..\CollaborativeLibs_01\LibMath\LibMath_vs2005.csproj", "{68C6A24A-D428-4D21-83A1-26740D36DC21}"
EndProject
Project("{FAE04EC0-301F-11D3-BF4B-00C04F79EFBC}") = "LibUtility_vs2005", "..\..\..\CollaborativeLibs_01\LibUtility\LibUtility_vs2005.csproj", "{474B9FC5-A29A-4C38-B96A-C82B4E5130BD}"
EndProject
Project("{FAE04EC0-301F-11D3-BF4B-00C04F79EFBC}") = "LibImageFilters_vs2005", "..\..\..\CollaborativeLibs_01\LibImageFilters\LibImageFilters_vs2005.csproj", "{938E298F-005C-42ED-9DC3-37100DCD8385}"
EndProject
Project("{8BC9CEB8-8B4A-11D0-8D11-00A0C91BC942}") = "jpeg-6b", "..\..\..\CollaborativeLibs_01\LibFaceDetect\faceDetect\jpeg-6b\jpeg-6b.vcxproj", "{4E15F51B-7EBA-43FE-A1F2-36CF8A923FD7}"
EndProject
Project("{FAE04EC0-301F-11D3-BF4B-00C04F79EFBC}") = "LibBoost_vs2005", "..\..\..\CollaborativeLibs_01\LibBoost\LibBoost_vs2005.csproj", "{56B4A07C-45BD-4722-9A9C-996BD2097320}"
EndProject
Project("{FAE04EC0-301F-11D3-BF4B-00C04F79EFBC}") = "GenPositionData", "..\GenPositionData\GenPositionData.csproj", "{615BFEA7-C826-4799-88CE-F2E57CF5325F}"
EndProject
Project("{FAE04EC0-301F-11D3-BF4B-00C04F79EFBC}") = "faceDisp", "..\faceDisp\faceDisp.csproj", "{41573BED-3EE6-4FBB-9CB6-865647C1DB42}"
EndProject
Project("{FAE04EC0-301F-11D3-BF4B-00C04F79EFBC}") = "Writer", "..\..\..\tools\TrainData\Writer\Writer.csproj", "{0C57E07C-0E4A-4599-ABC2-5DC464691CFF}"
EndProject
Global
	GlobalSection(SolutionConfigurationPlatforms) = preSolution
		Debug|Any CPU = Debug|Any CPU
		Debug|Mixed Platforms = Debug|Mixed Platforms
		Debug|Win32 = Debug|Win32
		Debug|x64 = Debug|x64
		Debug|x86 = Debug|x86
		Release|Any CPU = Release|Any CPU
		Release|Mixed Platforms = Release|Mixed Platforms
		Release|Win32 = Release|Win32
		Release|x64 = Release|x64
		Release|x86 = Release|x86
		Test|Any CPU = Test|Any CPU
		Test|Mixed Platforms = Test|Mixed Platforms
		Test|Win32 = Test|Win32
		Test|x64 = Test|x64
		Test|x86 = Test|x86
		Writing|Any CPU = Writing|Any CPU
		Writing|Mixed Platforms = Writing|Mixed Platforms
		Writing|Win32 = Writing|Win32
		Writing|x64 = Writing|x64
		Writing|x86 = Writing|x86
		x64 Release|Any CPU = x64 Release|Any CPU
		x64 Release|Mixed Platforms = x64 Release|Mixed Platforms
		x64 Release|Win32 = x64 Release|Win32
		x64 Release|x64 = x64 Release|x64
		x64 Release|x86 = x64 Release|x86
	EndGlobalSection
	GlobalSection(ProjectConfigurationPlatforms) = postSolution
		{C7B5C0F4-37C0-4FE3-AAA7-C93A31F75F8A}.Debug|Any CPU.ActiveCfg = Debug|Any CPU
		{C7B5C0F4-37C0-4FE3-AAA7-C93A31F75F8A}.Debug|Any CPU.Build.0 = Debug|Any CPU
		{C7B5C0F4-37C0-4FE3-AAA7-C93A31F75F8A}.Debug|Mixed Platforms.ActiveCfg = Debug|Any CPU
		{C7B5C0F4-37C0-4FE3-AAA7-C93A31F75F8A}.Debug|Mixed Platforms.Build.0 = Debug|Any CPU
		{C7B5C0F4-37C0-4FE3-AAA7-C93A31F75F8A}.Debug|Win32.ActiveCfg = Debug|Any CPU
		{C7B5C0F4-37C0-4FE3-AAA7-C93A31F75F8A}.Debug|Win32.Build.0 = Debug|Any CPU
		{C7B5C0F4-37C0-4FE3-AAA7-C93A31F75F8A}.Debug|x64.ActiveCfg = Debug|x64
		{C7B5C0F4-37C0-4FE3-AAA7-C93A31F75F8A}.Debug|x64.Build.0 = Debug|x64
		{C7B5C0F4-37C0-4FE3-AAA7-C93A31F75F8A}.Debug|x86.ActiveCfg = Debug|x86
		{C7B5C0F4-37C0-4FE3-AAA7-C93A31F75F8A}.Debug|x86.Build.0 = Debug|x86
		{C7B5C0F4-37C0-4FE3-AAA7-C93A31F75F8A}.Release|Any CPU.ActiveCfg = Release|Any CPU
		{C7B5C0F4-37C0-4FE3-AAA7-C93A31F75F8A}.Release|Any CPU.Build.0 = Release|Any CPU
		{C7B5C0F4-37C0-4FE3-AAA7-C93A31F75F8A}.Release|Mixed Platforms.ActiveCfg = Release|Any CPU
		{C7B5C0F4-37C0-4FE3-AAA7-C93A31F75F8A}.Release|Mixed Platforms.Build.0 = Release|Any CPU
		{C7B5C0F4-37C0-4FE3-AAA7-C93A31F75F8A}.Release|Win32.ActiveCfg = Release|Any CPU
		{C7B5C0F4-37C0-4FE3-AAA7-C93A31F75F8A}.Release|Win32.Build.0 = Release|Any CPU
		{C7B5C0F4-37C0-4FE3-AAA7-C93A31F75F8A}.Release|x64.ActiveCfg = Release|x64
		{C7B5C0F4-37C0-4FE3-AAA7-C93A31F75F8A}.Release|x64.Build.0 = Release|x64
		{C7B5C0F4-37C0-4FE3-AAA7-C93A31F75F8A}.Release|x86.ActiveCfg = Release|x86
		{C7B5C0F4-37C0-4FE3-AAA7-C93A31F75F8A}.Release|x86.Build.0 = Release|x86
		{C7B5C0F4-37C0-4FE3-AAA7-C93A31F75F8A}.Test|Any CPU.ActiveCfg = Release|Any CPU
		{C7B5C0F4-37C0-4FE3-AAA7-C93A31F75F8A}.Test|Any CPU.Build.0 = Release|Any CPU
		{C7B5C0F4-37C0-4FE3-AAA7-C93A31F75F8A}.Test|Mixed Platforms.ActiveCfg = Release|Any CPU
		{C7B5C0F4-37C0-4FE3-AAA7-C93A31F75F8A}.Test|Mixed Platforms.Build.0 = Release|Any CPU
		{C7B5C0F4-37C0-4FE3-AAA7-C93A31F75F8A}.Test|Win32.ActiveCfg = Release|Any CPU
		{C7B5C0F4-37C0-4FE3-AAA7-C93A31F75F8A}.Test|x64.ActiveCfg = Debug|Any CPU
		{C7B5C0F4-37C0-4FE3-AAA7-C93A31F75F8A}.Test|x86.ActiveCfg = Release|Any CPU
		{C7B5C0F4-37C0-4FE3-AAA7-C93A31F75F8A}.Writing|Any CPU.ActiveCfg = Release|Any CPU
		{C7B5C0F4-37C0-4FE3-AAA7-C93A31F75F8A}.Writing|Any CPU.Build.0 = Release|Any CPU
		{C7B5C0F4-37C0-4FE3-AAA7-C93A31F75F8A}.Writing|Mixed Platforms.ActiveCfg = Release|Any CPU
		{C7B5C0F4-37C0-4FE3-AAA7-C93A31F75F8A}.Writing|Mixed Platforms.Build.0 = Release|Any CPU
		{C7B5C0F4-37C0-4FE3-AAA7-C93A31F75F8A}.Writing|Win32.ActiveCfg = Release|Any CPU
		{C7B5C0F4-37C0-4FE3-AAA7-C93A31F75F8A}.Writing|x64.ActiveCfg = Debug|Any CPU
		{C7B5C0F4-37C0-4FE3-AAA7-C93A31F75F8A}.Writing|x86.ActiveCfg = Release|Any CPU
		{C7B5C0F4-37C0-4FE3-AAA7-C93A31F75F8A}.x64 Release|Any CPU.ActiveCfg = Release|Any CPU
		{C7B5C0F4-37C0-4FE3-AAA7-C93A31F75F8A}.x64 Release|Any CPU.Build.0 = Release|Any CPU
		{C7B5C0F4-37C0-4FE3-AAA7-C93A31F75F8A}.x64 Release|Mixed Platforms.ActiveCfg = Release|x86
		{C7B5C0F4-37C0-4FE3-AAA7-C93A31F75F8A}.x64 Release|Mixed Platforms.Build.0 = Release|x86
		{C7B5C0F4-37C0-4FE3-AAA7-C93A31F75F8A}.x64 Release|Win32.ActiveCfg = Release|x86
		{C7B5C0F4-37C0-4FE3-AAA7-C93A31F75F8A}.x64 Release|x64.ActiveCfg = Release|x64
		{C7B5C0F4-37C0-4FE3-AAA7-C93A31F75F8A}.x64 Release|x64.Build.0 = Release|x64
		{C7B5C0F4-37C0-4FE3-AAA7-C93A31F75F8A}.x64 Release|x86.ActiveCfg = Release|x86
		{C7B5C0F4-37C0-4FE3-AAA7-C93A31F75F8A}.x64 Release|x86.Build.0 = Release|x86
		{D0004613-5E6E-4112-8CD3-E0656E48CCA9}.Debug|Any CPU.ActiveCfg = Debug|Win32
		{D0004613-5E6E-4112-8CD3-E0656E48CCA9}.Debug|Any CPU.Build.0 = Debug|Win32
		{D0004613-5E6E-4112-8CD3-E0656E48CCA9}.Debug|Mixed Platforms.ActiveCfg = Debug|Win32
		{D0004613-5E6E-4112-8CD3-E0656E48CCA9}.Debug|Mixed Platforms.Build.0 = Debug|Win32
		{D0004613-5E6E-4112-8CD3-E0656E48CCA9}.Debug|Win32.ActiveCfg = Debug|Win32
		{D0004613-5E6E-4112-8CD3-E0656E48CCA9}.Debug|Win32.Build.0 = Debug|Win32
		{D0004613-5E6E-4112-8CD3-E0656E48CCA9}.Debug|x64.ActiveCfg = Debug|x64
		{D0004613-5E6E-4112-8CD3-E0656E48CCA9}.Debug|x64.Build.0 = Debug|x64
		{D0004613-5E6E-4112-8CD3-E0656E48CCA9}.Debug|x86.ActiveCfg = Debug|Win32
		{D0004613-5E6E-4112-8CD3-E0656E48CCA9}.Debug|x86.Build.0 = Debug|Win32
		{D0004613-5E6E-4112-8CD3-E0656E48CCA9}.Release|Any CPU.ActiveCfg = Release|Win32
		{D0004613-5E6E-4112-8CD3-E0656E48CCA9}.Release|Any CPU.Build.0 = Release|Win32
		{D0004613-5E6E-4112-8CD3-E0656E48CCA9}.Release|Mixed Platforms.ActiveCfg = Release|Win32
		{D0004613-5E6E-4112-8CD3-E0656E48CCA9}.Release|Mixed Platforms.Build.0 = Release|Win32
		{D0004613-5E6E-4112-8CD3-E0656E48CCA9}.Release|Win32.ActiveCfg = Release|Win32
		{D0004613-5E6E-4112-8CD3-E0656E48CCA9}.Release|Win32.Build.0 = Release|Win32
		{D0004613-5E6E-4112-8CD3-E0656E48CCA9}.Release|x64.ActiveCfg = Release|x64
		{D0004613-5E6E-4112-8CD3-E0656E48CCA9}.Release|x64.Build.0 = Release|x64
		{D0004613-5E6E-4112-8CD3-E0656E48CCA9}.Release|x86.ActiveCfg = Release|Win32
		{D0004613-5E6E-4112-8CD3-E0656E48CCA9}.Release|x86.Build.0 = Release|Win32
		{D0004613-5E6E-4112-8CD3-E0656E48CCA9}.Test|Any CPU.ActiveCfg = Release|Win32
		{D0004613-5E6E-4112-8CD3-E0656E48CCA9}.Test|Mixed Platforms.ActiveCfg = Release|Win32
		{D0004613-5E6E-4112-8CD3-E0656E48CCA9}.Test|Mixed Platforms.Build.0 = Release|Win32
		{D0004613-5E6E-4112-8CD3-E0656E48CCA9}.Test|Win32.ActiveCfg = Release|Win32
		{D0004613-5E6E-4112-8CD3-E0656E48CCA9}.Test|Win32.Build.0 = Release|Win32
		{D0004613-5E6E-4112-8CD3-E0656E48CCA9}.Test|x64.ActiveCfg = Release|Win32
		{D0004613-5E6E-4112-8CD3-E0656E48CCA9}.Test|x86.ActiveCfg = Release|Win32
		{D0004613-5E6E-4112-8CD3-E0656E48CCA9}.Writing|Any CPU.ActiveCfg = Release|Win32
		{D0004613-5E6E-4112-8CD3-E0656E48CCA9}.Writing|Mixed Platforms.ActiveCfg = Release|Win32
		{D0004613-5E6E-4112-8CD3-E0656E48CCA9}.Writing|Mixed Platforms.Build.0 = Release|Win32
		{D0004613-5E6E-4112-8CD3-E0656E48CCA9}.Writing|Win32.ActiveCfg = Release|Win32
		{D0004613-5E6E-4112-8CD3-E0656E48CCA9}.Writing|Win32.Build.0 = Release|Win32
		{D0004613-5E6E-4112-8CD3-E0656E48CCA9}.Writing|x64.ActiveCfg = Release|Win32
		{D0004613-5E6E-4112-8CD3-E0656E48CCA9}.Writing|x86.ActiveCfg = Release|Win32
		{D0004613-5E6E-4112-8CD3-E0656E48CCA9}.x64 Release|Any CPU.ActiveCfg = Release|x64
		{D0004613-5E6E-4112-8CD3-E0656E48CCA9}.x64 Release|Mixed Platforms.ActiveCfg = Release|x64
		{D0004613-5E6E-4112-8CD3-E0656E48CCA9}.x64 Release|Mixed Platforms.Build.0 = Release|x64
		{D0004613-5E6E-4112-8CD3-E0656E48CCA9}.x64 Release|Win32.ActiveCfg = Release|Win32
		{D0004613-5E6E-4112-8CD3-E0656E48CCA9}.x64 Release|Win32.Build.0 = Release|Win32
		{D0004613-5E6E-4112-8CD3-E0656E48CCA9}.x64 Release|x64.ActiveCfg = Release|x64
		{D0004613-5E6E-4112-8CD3-E0656E48CCA9}.x64 Release|x64.Build.0 = Release|x64
		{D0004613-5E6E-4112-8CD3-E0656E48CCA9}.x64 Release|x86.ActiveCfg = Release|x64
		{2BAE6CE0-7F8A-4492-BDAA-AE55DA951412}.Debug|Any CPU.ActiveCfg = Debug|Any CPU
		{2BAE6CE0-7F8A-4492-BDAA-AE55DA951412}.Debug|Any CPU.Build.0 = Debug|Any CPU
		{2BAE6CE0-7F8A-4492-BDAA-AE55DA951412}.Debug|Mixed Platforms.ActiveCfg = Debug|Any CPU
		{2BAE6CE0-7F8A-4492-BDAA-AE55DA951412}.Debug|Mixed Platforms.Build.0 = Debug|Any CPU
		{2BAE6CE0-7F8A-4492-BDAA-AE55DA951412}.Debug|Win32.ActiveCfg = Debug|Any CPU
		{2BAE6CE0-7F8A-4492-BDAA-AE55DA951412}.Debug|Win32.Build.0 = Debug|Any CPU
		{2BAE6CE0-7F8A-4492-BDAA-AE55DA951412}.Debug|x64.ActiveCfg = Debug|x64
		{2BAE6CE0-7F8A-4492-BDAA-AE55DA951412}.Debug|x64.Build.0 = Debug|x64
		{2BAE6CE0-7F8A-4492-BDAA-AE55DA951412}.Debug|x86.ActiveCfg = Debug|x86
		{2BAE6CE0-7F8A-4492-BDAA-AE55DA951412}.Debug|x86.Build.0 = Debug|x86
		{2BAE6CE0-7F8A-4492-BDAA-AE55DA951412}.Release|Any CPU.ActiveCfg = Release|Any CPU
		{2BAE6CE0-7F8A-4492-BDAA-AE55DA951412}.Release|Any CPU.Build.0 = Release|Any CPU
		{2BAE6CE0-7F8A-4492-BDAA-AE55DA951412}.Release|Mixed Platforms.ActiveCfg = Release|Any CPU
		{2BAE6CE0-7F8A-4492-BDAA-AE55DA951412}.Release|Mixed Platforms.Build.0 = Release|Any CPU
		{2BAE6CE0-7F8A-4492-BDAA-AE55DA951412}.Release|Win32.ActiveCfg = Release|Any CPU
		{2BAE6CE0-7F8A-4492-BDAA-AE55DA951412}.Release|Win32.Build.0 = Release|Any CPU
		{2BAE6CE0-7F8A-4492-BDAA-AE55DA951412}.Release|x64.ActiveCfg = Release|x64
		{2BAE6CE0-7F8A-4492-BDAA-AE55DA951412}.Release|x64.Build.0 = Release|x64
		{2BAE6CE0-7F8A-4492-BDAA-AE55DA951412}.Release|x86.ActiveCfg = Release|x86
		{2BAE6CE0-7F8A-4492-BDAA-AE55DA951412}.Release|x86.Build.0 = Release|x86
		{2BAE6CE0-7F8A-4492-BDAA-AE55DA951412}.Test|Any CPU.ActiveCfg = Release|Any CPU
		{2BAE6CE0-7F8A-4492-BDAA-AE55DA951412}.Test|Any CPU.Build.0 = Release|Any CPU
		{2BAE6CE0-7F8A-4492-BDAA-AE55DA951412}.Test|Mixed Platforms.ActiveCfg = Release|Any CPU
		{2BAE6CE0-7F8A-4492-BDAA-AE55DA951412}.Test|Mixed Platforms.Build.0 = Release|Any CPU
		{2BAE6CE0-7F8A-4492-BDAA-AE55DA951412}.Test|Win32.ActiveCfg = Release|Any CPU
		{2BAE6CE0-7F8A-4492-BDAA-AE55DA951412}.Test|x64.ActiveCfg = Release|Any CPU
		{2BAE6CE0-7F8A-4492-BDAA-AE55DA951412}.Test|x86.ActiveCfg = Release|Any CPU
		{2BAE6CE0-7F8A-4492-BDAA-AE55DA951412}.Writing|Any CPU.ActiveCfg = Release|Any CPU
		{2BAE6CE0-7F8A-4492-BDAA-AE55DA951412}.Writing|Any CPU.Build.0 = Release|Any CPU
		{2BAE6CE0-7F8A-4492-BDAA-AE55DA951412}.Writing|Mixed Platforms.ActiveCfg = Release|Any CPU
		{2BAE6CE0-7F8A-4492-BDAA-AE55DA951412}.Writing|Mixed Platforms.Build.0 = Release|Any CPU
		{2BAE6CE0-7F8A-4492-BDAA-AE55DA951412}.Writing|Win32.ActiveCfg = Release|Any CPU
		{2BAE6CE0-7F8A-4492-BDAA-AE55DA951412}.Writing|x64.ActiveCfg = Release|Any CPU
		{2BAE6CE0-7F8A-4492-BDAA-AE55DA951412}.Writing|x86.ActiveCfg = Release|Any CPU
		{2BAE6CE0-7F8A-4492-BDAA-AE55DA951412}.x64 Release|Any CPU.ActiveCfg = Release|Any CPU
		{2BAE6CE0-7F8A-4492-BDAA-AE55DA951412}.x64 Release|Any CPU.Build.0 = Release|Any CPU
		{2BAE6CE0-7F8A-4492-BDAA-AE55DA951412}.x64 Release|Mixed Platforms.ActiveCfg = Release|x64
		{2BAE6CE0-7F8A-4492-BDAA-AE55DA951412}.x64 Release|Mixed Platforms.Build.0 = Release|x64
		{2BAE6CE0-7F8A-4492-BDAA-AE55DA951412}.x64 Release|Win32.ActiveCfg = Release|x64
		{2BAE6CE0-7F8A-4492-BDAA-AE55DA951412}.x64 Release|x64.ActiveCfg = Release|x64
		{2BAE6CE0-7F8A-4492-BDAA-AE55DA951412}.x64 Release|x64.Build.0 = Release|x64
		{2BAE6CE0-7F8A-4492-BDAA-AE55DA951412}.x64 Release|x86.ActiveCfg = Release|x86
		{2BAE6CE0-7F8A-4492-BDAA-AE55DA951412}.x64 Release|x86.Build.0 = Release|x86
		{7F9578B9-30C4-4E97-B85B-B2CA84681B78}.Debug|Any CPU.ActiveCfg = Debug|Any CPU
		{7F9578B9-30C4-4E97-B85B-B2CA84681B78}.Debug|Any CPU.Build.0 = Debug|Any CPU
		{7F9578B9-30C4-4E97-B85B-B2CA84681B78}.Debug|Mixed Platforms.ActiveCfg = Debug|Any CPU
		{7F9578B9-30C4-4E97-B85B-B2CA84681B78}.Debug|Mixed Platforms.Build.0 = Debug|Any CPU
		{7F9578B9-30C4-4E97-B85B-B2CA84681B78}.Debug|Win32.ActiveCfg = Debug|Any CPU
		{7F9578B9-30C4-4E97-B85B-B2CA84681B78}.Debug|Win32.Build.0 = Debug|Any CPU
		{7F9578B9-30C4-4E97-B85B-B2CA84681B78}.Debug|x64.ActiveCfg = Debug|x64
		{7F9578B9-30C4-4E97-B85B-B2CA84681B78}.Debug|x64.Build.0 = Debug|x64
		{7F9578B9-30C4-4E97-B85B-B2CA84681B78}.Debug|x86.ActiveCfg = Debug|x86
		{7F9578B9-30C4-4E97-B85B-B2CA84681B78}.Debug|x86.Build.0 = Debug|x86
		{7F9578B9-30C4-4E97-B85B-B2CA84681B78}.Release|Any CPU.ActiveCfg = Release|Any CPU
		{7F9578B9-30C4-4E97-B85B-B2CA84681B78}.Release|Any CPU.Build.0 = Release|Any CPU
		{7F9578B9-30C4-4E97-B85B-B2CA84681B78}.Release|Mixed Platforms.ActiveCfg = Release|Any CPU
		{7F9578B9-30C4-4E97-B85B-B2CA84681B78}.Release|Mixed Platforms.Build.0 = Release|Any CPU
		{7F9578B9-30C4-4E97-B85B-B2CA84681B78}.Release|Win32.ActiveCfg = Release|Any CPU
		{7F9578B9-30C4-4E97-B85B-B2CA84681B78}.Release|Win32.Build.0 = Release|Any CPU
		{7F9578B9-30C4-4E97-B85B-B2CA84681B78}.Release|x64.ActiveCfg = Release|x64
		{7F9578B9-30C4-4E97-B85B-B2CA84681B78}.Release|x64.Build.0 = Release|x64
		{7F9578B9-30C4-4E97-B85B-B2CA84681B78}.Release|x86.ActiveCfg = Release|x86
		{7F9578B9-30C4-4E97-B85B-B2CA84681B78}.Release|x86.Build.0 = Release|x86
		{7F9578B9-30C4-4E97-B85B-B2CA84681B78}.Test|Any CPU.ActiveCfg = Release|Any CPU
		{7F9578B9-30C4-4E97-B85B-B2CA84681B78}.Test|Any CPU.Build.0 = Release|Any CPU
		{7F9578B9-30C4-4E97-B85B-B2CA84681B78}.Test|Mixed Platforms.ActiveCfg = Release|Any CPU
		{7F9578B9-30C4-4E97-B85B-B2CA84681B78}.Test|Mixed Platforms.Build.0 = Release|Any CPU
		{7F9578B9-30C4-4E97-B85B-B2CA84681B78}.Test|Win32.ActiveCfg = Release|Any CPU
		{7F9578B9-30C4-4E97-B85B-B2CA84681B78}.Test|x64.ActiveCfg = Release|Any CPU
		{7F9578B9-30C4-4E97-B85B-B2CA84681B78}.Test|x86.ActiveCfg = Release|Any CPU
		{7F9578B9-30C4-4E97-B85B-B2CA84681B78}.Writing|Any CPU.ActiveCfg = Release|Any CPU
		{7F9578B9-30C4-4E97-B85B-B2CA84681B78}.Writing|Any CPU.Build.0 = Release|Any CPU
		{7F9578B9-30C4-4E97-B85B-B2CA84681B78}.Writing|Mixed Platforms.ActiveCfg = Release|Any CPU
		{7F9578B9-30C4-4E97-B85B-B2CA84681B78}.Writing|Mixed Platforms.Build.0 = Release|Any CPU
		{7F9578B9-30C4-4E97-B85B-B2CA84681B78}.Writing|Win32.ActiveCfg = Release|Any CPU
		{7F9578B9-30C4-4E97-B85B-B2CA84681B78}.Writing|x64.ActiveCfg = Release|Any CPU
		{7F9578B9-30C4-4E97-B85B-B2CA84681B78}.Writing|x86.ActiveCfg = Release|Any CPU
		{7F9578B9-30C4-4E97-B85B-B2CA84681B78}.x64 Release|Any CPU.ActiveCfg = Release|Any CPU
		{7F9578B9-30C4-4E97-B85B-B2CA84681B78}.x64 Release|Any CPU.Build.0 = Release|Any CPU
		{7F9578B9-30C4-4E97-B85B-B2CA84681B78}.x64 Release|Mixed Platforms.ActiveCfg = Release|x64
		{7F9578B9-30C4-4E97-B85B-B2CA84681B78}.x64 Release|Mixed Platforms.Build.0 = Release|x64
		{7F9578B9-30C4-4E97-B85B-B2CA84681B78}.x64 Release|Win32.ActiveCfg = Release|x64
		{7F9578B9-30C4-4E97-B85B-B2CA84681B78}.x64 Release|x64.ActiveCfg = Release|x64
		{7F9578B9-30C4-4E97-B85B-B2CA84681B78}.x64 Release|x64.Build.0 = Release|x64
		{7F9578B9-30C4-4E97-B85B-B2CA84681B78}.x64 Release|x86.ActiveCfg = Release|x86
		{7F9578B9-30C4-4E97-B85B-B2CA84681B78}.x64 Release|x86.Build.0 = Release|x86
		{C41826C7-0D33-4D27-9032-1CAC764794D6}.Debug|Any CPU.ActiveCfg = Debug|Any CPU
		{C41826C7-0D33-4D27-9032-1CAC764794D6}.Debug|Any CPU.Build.0 = Debug|Any CPU
		{C41826C7-0D33-4D27-9032-1CAC764794D6}.Debug|Mixed Platforms.ActiveCfg = Debug|Any CPU
		{C41826C7-0D33-4D27-9032-1CAC764794D6}.Debug|Mixed Platforms.Build.0 = Debug|Any CPU
		{C41826C7-0D33-4D27-9032-1CAC764794D6}.Debug|Win32.ActiveCfg = Debug|Any CPU
		{C41826C7-0D33-4D27-9032-1CAC764794D6}.Debug|Win32.Build.0 = Debug|Any CPU
		{C41826C7-0D33-4D27-9032-1CAC764794D6}.Debug|x64.ActiveCfg = Debug|x64
		{C41826C7-0D33-4D27-9032-1CAC764794D6}.Debug|x64.Build.0 = Debug|x64
		{C41826C7-0D33-4D27-9032-1CAC764794D6}.Debug|x86.ActiveCfg = Debug|x86
		{C41826C7-0D33-4D27-9032-1CAC764794D6}.Debug|x86.Build.0 = Debug|x86
		{C41826C7-0D33-4D27-9032-1CAC764794D6}.Release|Any CPU.ActiveCfg = Release|Any CPU
		{C41826C7-0D33-4D27-9032-1CAC764794D6}.Release|Any CPU.Build.0 = Release|Any CPU
		{C41826C7-0D33-4D27-9032-1CAC764794D6}.Release|Mixed Platforms.ActiveCfg = Release|Any CPU
		{C41826C7-0D33-4D27-9032-1CAC764794D6}.Release|Mixed Platforms.Build.0 = Release|Any CPU
		{C41826C7-0D33-4D27-9032-1CAC764794D6}.Release|Win32.ActiveCfg = Release|Any CPU
		{C41826C7-0D33-4D27-9032-1CAC764794D6}.Release|Win32.Build.0 = Release|Any CPU
		{C41826C7-0D33-4D27-9032-1CAC764794D6}.Release|x64.ActiveCfg = Release|x64
		{C41826C7-0D33-4D27-9032-1CAC764794D6}.Release|x64.Build.0 = Release|x64
		{C41826C7-0D33-4D27-9032-1CAC764794D6}.Release|x86.ActiveCfg = Release|x86
		{C41826C7-0D33-4D27-9032-1CAC764794D6}.Release|x86.Build.0 = Release|x86
		{C41826C7-0D33-4D27-9032-1CAC764794D6}.Test|Any CPU.ActiveCfg = Release|Any CPU
		{C41826C7-0D33-4D27-9032-1CAC764794D6}.Test|Any CPU.Build.0 = Release|Any CPU
		{C41826C7-0D33-4D27-9032-1CAC764794D6}.Test|Mixed Platforms.ActiveCfg = Release|Any CPU
		{C41826C7-0D33-4D27-9032-1CAC764794D6}.Test|Mixed Platforms.Build.0 = Release|Any CPU
		{C41826C7-0D33-4D27-9032-1CAC764794D6}.Test|Win32.ActiveCfg = Release|Any CPU
		{C41826C7-0D33-4D27-9032-1CAC764794D6}.Test|x64.ActiveCfg = Release|Any CPU
		{C41826C7-0D33-4D27-9032-1CAC764794D6}.Test|x86.ActiveCfg = Release|Any CPU
		{C41826C7-0D33-4D27-9032-1CAC764794D6}.Writing|Any CPU.ActiveCfg = Release|Any CPU
		{C41826C7-0D33-4D27-9032-1CAC764794D6}.Writing|Any CPU.Build.0 = Release|Any CPU
		{C41826C7-0D33-4D27-9032-1CAC764794D6}.Writing|Mixed Platforms.ActiveCfg = Release|Any CPU
		{C41826C7-0D33-4D27-9032-1CAC764794D6}.Writing|Mixed Platforms.Build.0 = Release|Any CPU
		{C41826C7-0D33-4D27-9032-1CAC764794D6}.Writing|Win32.ActiveCfg = Release|Any CPU
		{C41826C7-0D33-4D27-9032-1CAC764794D6}.Writing|x64.ActiveCfg = Release|Any CPU
		{C41826C7-0D33-4D27-9032-1CAC764794D6}.Writing|x86.ActiveCfg = Release|Any CPU
		{C41826C7-0D33-4D27-9032-1CAC764794D6}.x64 Release|Any CPU.ActiveCfg = Release|Any CPU
		{C41826C7-0D33-4D27-9032-1CAC764794D6}.x64 Release|Any CPU.Build.0 = Release|Any CPU
		{C41826C7-0D33-4D27-9032-1CAC764794D6}.x64 Release|Mixed Platforms.ActiveCfg = Release|x64
		{C41826C7-0D33-4D27-9032-1CAC764794D6}.x64 Release|Mixed Platforms.Build.0 = Release|x64
		{C41826C7-0D33-4D27-9032-1CAC764794D6}.x64 Release|Win32.ActiveCfg = Release|x64
		{C41826C7-0D33-4D27-9032-1CAC764794D6}.x64 Release|x64.ActiveCfg = Release|x64
		{C41826C7-0D33-4D27-9032-1CAC764794D6}.x64 Release|x64.Build.0 = Release|x64
		{C41826C7-0D33-4D27-9032-1CAC764794D6}.x64 Release|x86.ActiveCfg = Release|x64
		{088B2327-1594-4762-ADF9-409738344854}.Debug|Any CPU.ActiveCfg = Debug|Any CPU
		{088B2327-1594-4762-ADF9-409738344854}.Debug|Any CPU.Build.0 = Debug|Any CPU
		{088B2327-1594-4762-ADF9-409738344854}.Debug|Mixed Platforms.ActiveCfg = Debug|Any CPU
		{088B2327-1594-4762-ADF9-409738344854}.Debug|Mixed Platforms.Build.0 = Debug|Any CPU
		{088B2327-1594-4762-ADF9-409738344854}.Debug|Win32.ActiveCfg = Debug|Any CPU
		{088B2327-1594-4762-ADF9-409738344854}.Debug|Win32.Build.0 = Debug|Any CPU
		{088B2327-1594-4762-ADF9-409738344854}.Debug|x64.ActiveCfg = Debug|x64
		{088B2327-1594-4762-ADF9-409738344854}.Debug|x64.Build.0 = Debug|x64
		{088B2327-1594-4762-ADF9-409738344854}.Debug|x86.ActiveCfg = Debug|x86
		{088B2327-1594-4762-ADF9-409738344854}.Debug|x86.Build.0 = Debug|x86
		{088B2327-1594-4762-ADF9-409738344854}.Release|Any CPU.ActiveCfg = Release|Any CPU
		{088B2327-1594-4762-ADF9-409738344854}.Release|Any CPU.Build.0 = Release|Any CPU
		{088B2327-1594-4762-ADF9-409738344854}.Release|Mixed Platforms.ActiveCfg = Release|Any CPU
		{088B2327-1594-4762-ADF9-409738344854}.Release|Mixed Platforms.Build.0 = Release|Any CPU
		{088B2327-1594-4762-ADF9-409738344854}.Release|Win32.ActiveCfg = Release|Any CPU
		{088B2327-1594-4762-ADF9-409738344854}.Release|Win32.Build.0 = Release|Any CPU
		{088B2327-1594-4762-ADF9-409738344854}.Release|x64.ActiveCfg = Release|x64
		{088B2327-1594-4762-ADF9-409738344854}.Release|x64.Build.0 = Release|x64
		{088B2327-1594-4762-ADF9-409738344854}.Release|x86.ActiveCfg = Release|x86
		{088B2327-1594-4762-ADF9-409738344854}.Release|x86.Build.0 = Release|x86
		{088B2327-1594-4762-ADF9-409738344854}.Test|Any CPU.ActiveCfg = Writing|Any CPU
		{088B2327-1594-4762-ADF9-409738344854}.Test|Any CPU.Build.0 = Writing|Any CPU
		{088B2327-1594-4762-ADF9-409738344854}.Test|Mixed Platforms.ActiveCfg = Writing|Any CPU
		{088B2327-1594-4762-ADF9-409738344854}.Test|Mixed Platforms.Build.0 = Writing|Any CPU
		{088B2327-1594-4762-ADF9-409738344854}.Test|Win32.ActiveCfg = Writing|Any CPU
		{088B2327-1594-4762-ADF9-409738344854}.Test|x64.ActiveCfg = Writing|Any CPU
		{088B2327-1594-4762-ADF9-409738344854}.Test|x86.ActiveCfg = Writing|Any CPU
		{088B2327-1594-4762-ADF9-409738344854}.Writing|Any CPU.ActiveCfg = Writing|Any CPU
		{088B2327-1594-4762-ADF9-409738344854}.Writing|Any CPU.Build.0 = Writing|Any CPU
		{088B2327-1594-4762-ADF9-409738344854}.Writing|Mixed Platforms.ActiveCfg = Writing|Any CPU
		{088B2327-1594-4762-ADF9-409738344854}.Writing|Mixed Platforms.Build.0 = Writing|Any CPU
		{088B2327-1594-4762-ADF9-409738344854}.Writing|Win32.ActiveCfg = Writing|Any CPU
		{088B2327-1594-4762-ADF9-409738344854}.Writing|x64.ActiveCfg = Writing|Any CPU
		{088B2327-1594-4762-ADF9-409738344854}.Writing|x86.ActiveCfg = Writing|Any CPU
		{088B2327-1594-4762-ADF9-409738344854}.x64 Release|Any CPU.ActiveCfg = Release|Any CPU
		{088B2327-1594-4762-ADF9-409738344854}.x64 Release|Any CPU.Build.0 = Release|Any CPU
		{088B2327-1594-4762-ADF9-409738344854}.x64 Release|Mixed Platforms.ActiveCfg = Release|x64
		{088B2327-1594-4762-ADF9-409738344854}.x64 Release|Mixed Platforms.Build.0 = Release|x64
		{088B2327-1594-4762-ADF9-409738344854}.x64 Release|Win32.ActiveCfg = Release|x64
		{088B2327-1594-4762-ADF9-409738344854}.x64 Release|x64.ActiveCfg = Release|x64
		{088B2327-1594-4762-ADF9-409738344854}.x64 Release|x64.Build.0 = Release|x64
		{088B2327-1594-4762-ADF9-409738344854}.x64 Release|x86.ActiveCfg = Release|x86
		{088B2327-1594-4762-ADF9-409738344854}.x64 Release|x86.Build.0 = Release|x86
		{1904A41B-D1B8-40E5-ADBB-728DDCF7C816}.Debug|Any CPU.ActiveCfg = Debug|Any CPU
		{1904A41B-D1B8-40E5-ADBB-728DDCF7C816}.Debug|Any CPU.Build.0 = Debug|Any CPU
		{1904A41B-D1B8-40E5-ADBB-728DDCF7C816}.Debug|Mixed Platforms.ActiveCfg = Debug|Any CPU
		{1904A41B-D1B8-40E5-ADBB-728DDCF7C816}.Debug|Mixed Platforms.Build.0 = Debug|Any CPU
		{1904A41B-D1B8-40E5-ADBB-728DDCF7C816}.Debug|Win32.ActiveCfg = Debug|Any CPU
		{1904A41B-D1B8-40E5-ADBB-728DDCF7C816}.Debug|Win32.Build.0 = Debug|Any CPU
		{1904A41B-D1B8-40E5-ADBB-728DDCF7C816}.Debug|x64.ActiveCfg = Debug|x64
		{1904A41B-D1B8-40E5-ADBB-728DDCF7C816}.Debug|x64.Build.0 = Debug|x64
		{1904A41B-D1B8-40E5-ADBB-728DDCF7C816}.Debug|x86.ActiveCfg = Debug|x86
		{1904A41B-D1B8-40E5-ADBB-728DDCF7C816}.Debug|x86.Build.0 = Debug|x86
		{1904A41B-D1B8-40E5-ADBB-728DDCF7C816}.Release|Any CPU.ActiveCfg = Release|Any CPU
		{1904A41B-D1B8-40E5-ADBB-728DDCF7C816}.Release|Any CPU.Build.0 = Release|Any CPU
		{1904A41B-D1B8-40E5-ADBB-728DDCF7C816}.Release|Mixed Platforms.ActiveCfg = Release|Any CPU
		{1904A41B-D1B8-40E5-ADBB-728DDCF7C816}.Release|Mixed Platforms.Build.0 = Release|Any CPU
		{1904A41B-D1B8-40E5-ADBB-728DDCF7C816}.Release|Win32.ActiveCfg = Release|Any CPU
		{1904A41B-D1B8-40E5-ADBB-728DDCF7C816}.Release|Win32.Build.0 = Release|Any CPU
		{1904A41B-D1B8-40E5-ADBB-728DDCF7C816}.Release|x64.ActiveCfg = Release|Any CPU
		{1904A41B-D1B8-40E5-ADBB-728DDCF7C816}.Release|x86.ActiveCfg = Release|x86
		{1904A41B-D1B8-40E5-ADBB-728DDCF7C816}.Release|x86.Build.0 = Release|x86
		{1904A41B-D1B8-40E5-ADBB-728DDCF7C816}.Test|Any CPU.ActiveCfg = Release|Any CPU
		{1904A41B-D1B8-40E5-ADBB-728DDCF7C816}.Test|Any CPU.Build.0 = Release|Any CPU
		{1904A41B-D1B8-40E5-ADBB-728DDCF7C816}.Test|Mixed Platforms.ActiveCfg = Release|Any CPU
		{1904A41B-D1B8-40E5-ADBB-728DDCF7C816}.Test|Mixed Platforms.Build.0 = Release|Any CPU
		{1904A41B-D1B8-40E5-ADBB-728DDCF7C816}.Test|Win32.ActiveCfg = Release|Any CPU
		{1904A41B-D1B8-40E5-ADBB-728DDCF7C816}.Test|x64.ActiveCfg = Release|Any CPU
		{1904A41B-D1B8-40E5-ADBB-728DDCF7C816}.Test|x86.ActiveCfg = Release|Any CPU
		{1904A41B-D1B8-40E5-ADBB-728DDCF7C816}.Writing|Any CPU.ActiveCfg = Release|Any CPU
		{1904A41B-D1B8-40E5-ADBB-728DDCF7C816}.Writing|Any CPU.Build.0 = Release|Any CPU
		{1904A41B-D1B8-40E5-ADBB-728DDCF7C816}.Writing|Mixed Platforms.ActiveCfg = Release|Any CPU
		{1904A41B-D1B8-40E5-ADBB-728DDCF7C816}.Writing|Mixed Platforms.Build.0 = Release|Any CPU
		{1904A41B-D1B8-40E5-ADBB-728DDCF7C816}.Writing|Win32.ActiveCfg = Release|Any CPU
		{1904A41B-D1B8-40E5-ADBB-728DDCF7C816}.Writing|x64.ActiveCfg = Release|Any CPU
		{1904A41B-D1B8-40E5-ADBB-728DDCF7C816}.Writing|x86.ActiveCfg = Release|Any CPU
		{1904A41B-D1B8-40E5-ADBB-728DDCF7C816}.x64 Release|Any CPU.ActiveCfg = Release|Any CPU
		{1904A41B-D1B8-40E5-ADBB-728DDCF7C816}.x64 Release|Any CPU.Build.0 = Release|Any CPU
		{1904A41B-D1B8-40E5-ADBB-728DDCF7C816}.x64 Release|Mixed Platforms.ActiveCfg = Release|Any CPU
		{1904A41B-D1B8-40E5-ADBB-728DDCF7C816}.x64 Release|Mixed Platforms.Build.0 = Release|Any CPU
		{1904A41B-D1B8-40E5-ADBB-728DDCF7C816}.x64 Release|Win32.ActiveCfg = Release|Any CPU
		{1904A41B-D1B8-40E5-ADBB-728DDCF7C816}.x64 Release|x64.ActiveCfg = Release|Any CPU
		{1904A41B-D1B8-40E5-ADBB-728DDCF7C816}.x64 Release|x86.ActiveCfg = Release|Any CPU
		{8367CBB3-F55E-473B-9D3E-814A8BC38B19}.Debug|Any CPU.ActiveCfg = Debug|Win32
		{8367CBB3-F55E-473B-9D3E-814A8BC38B19}.Debug|Any CPU.Build.0 = Debug|Win32
		{8367CBB3-F55E-473B-9D3E-814A8BC38B19}.Debug|Mixed Platforms.ActiveCfg = Debug|Win32
		{8367CBB3-F55E-473B-9D3E-814A8BC38B19}.Debug|Mixed Platforms.Build.0 = Debug|Win32
		{8367CBB3-F55E-473B-9D3E-814A8BC38B19}.Debug|Win32.ActiveCfg = Debug|Win32
		{8367CBB3-F55E-473B-9D3E-814A8BC38B19}.Debug|Win32.Build.0 = Debug|Win32
		{8367CBB3-F55E-473B-9D3E-814A8BC38B19}.Debug|x64.ActiveCfg = Debug|x64
		{8367CBB3-F55E-473B-9D3E-814A8BC38B19}.Debug|x64.Build.0 = Debug|x64
		{8367CBB3-F55E-473B-9D3E-814A8BC38B19}.Debug|x86.ActiveCfg = Debug|Win32
		{8367CBB3-F55E-473B-9D3E-814A8BC38B19}.Debug|x86.Build.0 = Debug|Win32
		{8367CBB3-F55E-473B-9D3E-814A8BC38B19}.Release|Any CPU.ActiveCfg = Release|Win32
		{8367CBB3-F55E-473B-9D3E-814A8BC38B19}.Release|Any CPU.Build.0 = Release|Win32
		{8367CBB3-F55E-473B-9D3E-814A8BC38B19}.Release|Mixed Platforms.ActiveCfg = Release|Win32
		{8367CBB3-F55E-473B-9D3E-814A8BC38B19}.Release|Mixed Platforms.Build.0 = Release|Win32
		{8367CBB3-F55E-473B-9D3E-814A8BC38B19}.Release|Win32.ActiveCfg = Release|Win32
		{8367CBB3-F55E-473B-9D3E-814A8BC38B19}.Release|Win32.Build.0 = Release|Win32
		{8367CBB3-F55E-473B-9D3E-814A8BC38B19}.Release|x64.ActiveCfg = Release|x64
		{8367CBB3-F55E-473B-9D3E-814A8BC38B19}.Release|x64.Build.0 = Release|x64
		{8367CBB3-F55E-473B-9D3E-814A8BC38B19}.Release|x86.ActiveCfg = Release|Win32
		{8367CBB3-F55E-473B-9D3E-814A8BC38B19}.Release|x86.Build.0 = Release|Win32
		{8367CBB3-F55E-473B-9D3E-814A8BC38B19}.Test|Any CPU.ActiveCfg = Release|Win32
		{8367CBB3-F55E-473B-9D3E-814A8BC38B19}.Test|Mixed Platforms.ActiveCfg = Release|Win32
		{8367CBB3-F55E-473B-9D3E-814A8BC38B19}.Test|Mixed Platforms.Build.0 = Release|Win32
		{8367CBB3-F55E-473B-9D3E-814A8BC38B19}.Test|Win32.ActiveCfg = Release|Win32
		{8367CBB3-F55E-473B-9D3E-814A8BC38B19}.Test|Win32.Build.0 = Release|Win32
		{8367CBB3-F55E-473B-9D3E-814A8BC38B19}.Test|x64.ActiveCfg = Release|Win32
		{8367CBB3-F55E-473B-9D3E-814A8BC38B19}.Test|x86.ActiveCfg = Release|Win32
		{8367CBB3-F55E-473B-9D3E-814A8BC38B19}.Writing|Any CPU.ActiveCfg = Release|Win32
		{8367CBB3-F55E-473B-9D3E-814A8BC38B19}.Writing|Mixed Platforms.ActiveCfg = Release|Win32
		{8367CBB3-F55E-473B-9D3E-814A8BC38B19}.Writing|Mixed Platforms.Build.0 = Release|Win32
		{8367CBB3-F55E-473B-9D3E-814A8BC38B19}.Writing|Win32.ActiveCfg = Release|Win32
		{8367CBB3-F55E-473B-9D3E-814A8BC38B19}.Writing|Win32.Build.0 = Release|Win32
		{8367CBB3-F55E-473B-9D3E-814A8BC38B19}.Writing|x64.ActiveCfg = Release|Win32
		{8367CBB3-F55E-473B-9D3E-814A8BC38B19}.Writing|x86.ActiveCfg = Release|Win32
		{8367CBB3-F55E-473B-9D3E-814A8BC38B19}.x64 Release|Any CPU.ActiveCfg = Release|x64
		{8367CBB3-F55E-473B-9D3E-814A8BC38B19}.x64 Release|Mixed Platforms.ActiveCfg = Release|x64
		{8367CBB3-F55E-473B-9D3E-814A8BC38B19}.x64 Release|Mixed Platforms.Build.0 = Release|x64
		{8367CBB3-F55E-473B-9D3E-814A8BC38B19}.x64 Release|Win32.ActiveCfg = Release|Win32
		{8367CBB3-F55E-473B-9D3E-814A8BC38B19}.x64 Release|Win32.Build.0 = Release|Win32
		{8367CBB3-F55E-473B-9D3E-814A8BC38B19}.x64 Release|x64.ActiveCfg = Release|x64
		{8367CBB3-F55E-473B-9D3E-814A8BC38B19}.x64 Release|x64.Build.0 = Release|x64
		{8367CBB3-F55E-473B-9D3E-814A8BC38B19}.x64 Release|x86.ActiveCfg = Release|x64
		{E3278D97-9BCD-428D-B585-2F2E785314DB}.Debug|Any CPU.ActiveCfg = Debug|Win32
		{E3278D97-9BCD-428D-B585-2F2E785314DB}.Debug|Any CPU.Build.0 = Debug|Win32
		{E3278D97-9BCD-428D-B585-2F2E785314DB}.Debug|Mixed Platforms.ActiveCfg = Debug|Win32
		{E3278D97-9BCD-428D-B585-2F2E785314DB}.Debug|Mixed Platforms.Build.0 = Debug|Win32
		{E3278D97-9BCD-428D-B585-2F2E785314DB}.Debug|Win32.ActiveCfg = Debug|Win32
		{E3278D97-9BCD-428D-B585-2F2E785314DB}.Debug|Win32.Build.0 = Debug|Win32
		{E3278D97-9BCD-428D-B585-2F2E785314DB}.Debug|x64.ActiveCfg = Debug|x64
		{E3278D97-9BCD-428D-B585-2F2E785314DB}.Debug|x64.Build.0 = Debug|x64
		{E3278D97-9BCD-428D-B585-2F2E785314DB}.Debug|x86.ActiveCfg = Debug|Win32
		{E3278D97-9BCD-428D-B585-2F2E785314DB}.Debug|x86.Build.0 = Debug|Win32
		{E3278D97-9BCD-428D-B585-2F2E785314DB}.Release|Any CPU.ActiveCfg = Release|Win32
		{E3278D97-9BCD-428D-B585-2F2E785314DB}.Release|Any CPU.Build.0 = Release|Win32
		{E3278D97-9BCD-428D-B585-2F2E785314DB}.Release|Mixed Platforms.ActiveCfg = Release|Win32
		{E3278D97-9BCD-428D-B585-2F2E785314DB}.Release|Mixed Platforms.Build.0 = Release|Win32
		{E3278D97-9BCD-428D-B585-2F2E785314DB}.Release|Win32.ActiveCfg = Release|Win32
		{E3278D97-9BCD-428D-B585-2F2E785314DB}.Release|Win32.Build.0 = Release|Win32
		{E3278D97-9BCD-428D-B585-2F2E785314DB}.Release|x64.ActiveCfg = Release|x64
		{E3278D97-9BCD-428D-B585-2F2E785314DB}.Release|x64.Build.0 = Release|x64
		{E3278D97-9BCD-428D-B585-2F2E785314DB}.Release|x86.ActiveCfg = Release|Win32
		{E3278D97-9BCD-428D-B585-2F2E785314DB}.Release|x86.Build.0 = Release|Win32
		{E3278D97-9BCD-428D-B585-2F2E785314DB}.Test|Any CPU.ActiveCfg = Release|Win32
		{E3278D97-9BCD-428D-B585-2F2E785314DB}.Test|Mixed Platforms.ActiveCfg = Release|Win32
		{E3278D97-9BCD-428D-B585-2F2E785314DB}.Test|Mixed Platforms.Build.0 = Release|Win32
		{E3278D97-9BCD-428D-B585-2F2E785314DB}.Test|Win32.ActiveCfg = Release|Win32
		{E3278D97-9BCD-428D-B585-2F2E785314DB}.Test|Win32.Build.0 = Release|Win32
		{E3278D97-9BCD-428D-B585-2F2E785314DB}.Test|x64.ActiveCfg = Release|Win32
		{E3278D97-9BCD-428D-B585-2F2E785314DB}.Test|x86.ActiveCfg = Release|Win32
		{E3278D97-9BCD-428D-B585-2F2E785314DB}.Writing|Any CPU.ActiveCfg = Release|Win32
		{E3278D97-9BCD-428D-B585-2F2E785314DB}.Writing|Mixed Platforms.ActiveCfg = Release|Win32
		{E3278D97-9BCD-428D-B585-2F2E785314DB}.Writing|Mixed Platforms.Build.0 = Release|Win32
		{E3278D97-9BCD-428D-B585-2F2E785314DB}.Writing|Win32.ActiveCfg = Release|Win32
		{E3278D97-9BCD-428D-B585-2F2E785314DB}.Writing|Win32.Build.0 = Release|Win32
		{E3278D97-9BCD-428D-B585-2F2E785314DB}.Writing|x64.ActiveCfg = Release|Win32
		{E3278D97-9BCD-428D-B585-2F2E785314DB}.Writing|x86.ActiveCfg = Release|Win32
		{E3278D97-9BCD-428D-B585-2F2E785314DB}.x64 Release|Any CPU.ActiveCfg = Release|x64
		{E3278D97-9BCD-428D-B585-2F2E785314DB}.x64 Release|Mixed Platforms.ActiveCfg = Release|x64
		{E3278D97-9BCD-428D-B585-2F2E785314DB}.x64 Release|Mixed Platforms.Build.0 = Release|x64
		{E3278D97-9BCD-428D-B585-2F2E785314DB}.x64 Release|Win32.ActiveCfg = Release|Win32
		{E3278D97-9BCD-428D-B585-2F2E785314DB}.x64 Release|Win32.Build.0 = Release|Win32
		{E3278D97-9BCD-428D-B585-2F2E785314DB}.x64 Release|x64.ActiveCfg = Release|x64
		{E3278D97-9BCD-428D-B585-2F2E785314DB}.x64 Release|x64.Build.0 = Release|x64
		{E3278D97-9BCD-428D-B585-2F2E785314DB}.x64 Release|x86.ActiveCfg = Release|x64
		{68C6A24A-D428-4D21-83A1-26740D36DC21}.Debug|Any CPU.ActiveCfg = Debug|Any CPU
		{68C6A24A-D428-4D21-83A1-26740D36DC21}.Debug|Any CPU.Build.0 = Debug|Any CPU
		{68C6A24A-D428-4D21-83A1-26740D36DC21}.Debug|Mixed Platforms.ActiveCfg = Debug|Any CPU
		{68C6A24A-D428-4D21-83A1-26740D36DC21}.Debug|Mixed Platforms.Build.0 = Debug|Any CPU
		{68C6A24A-D428-4D21-83A1-26740D36DC21}.Debug|Win32.ActiveCfg = Debug|Any CPU
		{68C6A24A-D428-4D21-83A1-26740D36DC21}.Debug|x64.ActiveCfg = Debug|x64
		{68C6A24A-D428-4D21-83A1-26740D36DC21}.Debug|x64.Build.0 = Debug|x64
		{68C6A24A-D428-4D21-83A1-26740D36DC21}.Debug|x86.ActiveCfg = Debug|x86
		{68C6A24A-D428-4D21-83A1-26740D36DC21}.Debug|x86.Build.0 = Debug|x86
		{68C6A24A-D428-4D21-83A1-26740D36DC21}.Release|Any CPU.ActiveCfg = Release|Any CPU
		{68C6A24A-D428-4D21-83A1-26740D36DC21}.Release|Any CPU.Build.0 = Release|Any CPU
		{68C6A24A-D428-4D21-83A1-26740D36DC21}.Release|Mixed Platforms.ActiveCfg = Release|Any CPU
		{68C6A24A-D428-4D21-83A1-26740D36DC21}.Release|Mixed Platforms.Build.0 = Release|Any CPU
		{68C6A24A-D428-4D21-83A1-26740D36DC21}.Release|Win32.ActiveCfg = Release|Any CPU
		{68C6A24A-D428-4D21-83A1-26740D36DC21}.Release|x64.ActiveCfg = Release|x64
		{68C6A24A-D428-4D21-83A1-26740D36DC21}.Release|x64.Build.0 = Release|x64
		{68C6A24A-D428-4D21-83A1-26740D36DC21}.Release|x86.ActiveCfg = Release|x86
		{68C6A24A-D428-4D21-83A1-26740D36DC21}.Release|x86.Build.0 = Release|x86
		{68C6A24A-D428-4D21-83A1-26740D36DC21}.Test|Any CPU.ActiveCfg = Writing|Any CPU
		{68C6A24A-D428-4D21-83A1-26740D36DC21}.Test|Any CPU.Build.0 = Writing|Any CPU
		{68C6A24A-D428-4D21-83A1-26740D36DC21}.Test|Mixed Platforms.ActiveCfg = Writing|Any CPU
		{68C6A24A-D428-4D21-83A1-26740D36DC21}.Test|Mixed Platforms.Build.0 = Writing|Any CPU
		{68C6A24A-D428-4D21-83A1-26740D36DC21}.Test|Win32.ActiveCfg = Writing|Any CPU
		{68C6A24A-D428-4D21-83A1-26740D36DC21}.Test|x64.ActiveCfg = Writing|Any CPU
		{68C6A24A-D428-4D21-83A1-26740D36DC21}.Test|x86.ActiveCfg = Writing|Any CPU
		{68C6A24A-D428-4D21-83A1-26740D36DC21}.Writing|Any CPU.ActiveCfg = Writing|Any CPU
		{68C6A24A-D428-4D21-83A1-26740D36DC21}.Writing|Any CPU.Build.0 = Writing|Any CPU
		{68C6A24A-D428-4D21-83A1-26740D36DC21}.Writing|Mixed Platforms.ActiveCfg = Writing|Any CPU
		{68C6A24A-D428-4D21-83A1-26740D36DC21}.Writing|Mixed Platforms.Build.0 = Writing|Any CPU
		{68C6A24A-D428-4D21-83A1-26740D36DC21}.Writing|Win32.ActiveCfg = Writing|Any CPU
		{68C6A24A-D428-4D21-83A1-26740D36DC21}.Writing|x64.ActiveCfg = Writing|Any CPU
		{68C6A24A-D428-4D21-83A1-26740D36DC21}.Writing|x86.ActiveCfg = Writing|Any CPU
		{68C6A24A-D428-4D21-83A1-26740D36DC21}.x64 Release|Any CPU.ActiveCfg = Release|Any CPU
		{68C6A24A-D428-4D21-83A1-26740D36DC21}.x64 Release|Any CPU.Build.0 = Release|Any CPU
		{68C6A24A-D428-4D21-83A1-26740D36DC21}.x64 Release|Mixed Platforms.ActiveCfg = Release|x64
		{68C6A24A-D428-4D21-83A1-26740D36DC21}.x64 Release|Mixed Platforms.Build.0 = Release|x64
		{68C6A24A-D428-4D21-83A1-26740D36DC21}.x64 Release|Win32.ActiveCfg = Release|x64
		{68C6A24A-D428-4D21-83A1-26740D36DC21}.x64 Release|x64.ActiveCfg = Release|x64
		{68C6A24A-D428-4D21-83A1-26740D36DC21}.x64 Release|x64.Build.0 = Release|x64
		{68C6A24A-D428-4D21-83A1-26740D36DC21}.x64 Release|x86.ActiveCfg = Release|x86
		{68C6A24A-D428-4D21-83A1-26740D36DC21}.x64 Release|x86.Build.0 = Release|x86
		{474B9FC5-A29A-4C38-B96A-C82B4E5130BD}.Debug|Any CPU.ActiveCfg = Debug|Any CPU
		{474B9FC5-A29A-4C38-B96A-C82B4E5130BD}.Debug|Any CPU.Build.0 = Debug|Any CPU
		{474B9FC5-A29A-4C38-B96A-C82B4E5130BD}.Debug|Mixed Platforms.ActiveCfg = Debug|x86
		{474B9FC5-A29A-4C38-B96A-C82B4E5130BD}.Debug|Mixed Platforms.Build.0 = Debug|x86
		{474B9FC5-A29A-4C38-B96A-C82B4E5130BD}.Debug|Win32.ActiveCfg = Debug|x86
		{474B9FC5-A29A-4C38-B96A-C82B4E5130BD}.Debug|x64.ActiveCfg = Debug|x64
		{474B9FC5-A29A-4C38-B96A-C82B4E5130BD}.Debug|x64.Build.0 = Debug|x64
		{474B9FC5-A29A-4C38-B96A-C82B4E5130BD}.Debug|x86.ActiveCfg = Debug|x86
		{474B9FC5-A29A-4C38-B96A-C82B4E5130BD}.Debug|x86.Build.0 = Debug|x86
		{474B9FC5-A29A-4C38-B96A-C82B4E5130BD}.Release|Any CPU.ActiveCfg = Release|Any CPU
		{474B9FC5-A29A-4C38-B96A-C82B4E5130BD}.Release|Any CPU.Build.0 = Release|Any CPU
		{474B9FC5-A29A-4C38-B96A-C82B4E5130BD}.Release|Mixed Platforms.ActiveCfg = Release|x86
		{474B9FC5-A29A-4C38-B96A-C82B4E5130BD}.Release|Mixed Platforms.Build.0 = Release|x86
		{474B9FC5-A29A-4C38-B96A-C82B4E5130BD}.Release|Win32.ActiveCfg = Release|x86
		{474B9FC5-A29A-4C38-B96A-C82B4E5130BD}.Release|x64.ActiveCfg = Release|x86
		{474B9FC5-A29A-4C38-B96A-C82B4E5130BD}.Release|x64.Build.0 = Release|x86
		{474B9FC5-A29A-4C38-B96A-C82B4E5130BD}.Release|x86.ActiveCfg = Release|x86
		{474B9FC5-A29A-4C38-B96A-C82B4E5130BD}.Release|x86.Build.0 = Release|x86
		{474B9FC5-A29A-4C38-B96A-C82B4E5130BD}.Test|Any CPU.ActiveCfg = Release|x64
		{474B9FC5-A29A-4C38-B96A-C82B4E5130BD}.Test|Mixed Platforms.ActiveCfg = Release|x64
		{474B9FC5-A29A-4C38-B96A-C82B4E5130BD}.Test|Mixed Platforms.Build.0 = Release|x64
		{474B9FC5-A29A-4C38-B96A-C82B4E5130BD}.Test|Win32.ActiveCfg = Release|x64
		{474B9FC5-A29A-4C38-B96A-C82B4E5130BD}.Test|x64.ActiveCfg = Release|x64
		{474B9FC5-A29A-4C38-B96A-C82B4E5130BD}.Test|x64.Build.0 = Release|x64
		{474B9FC5-A29A-4C38-B96A-C82B4E5130BD}.Test|x86.ActiveCfg = Release|x64
		{474B9FC5-A29A-4C38-B96A-C82B4E5130BD}.Writing|Any CPU.ActiveCfg = Release|x64
		{474B9FC5-A29A-4C38-B96A-C82B4E5130BD}.Writing|Mixed Platforms.ActiveCfg = Release|x64
		{474B9FC5-A29A-4C38-B96A-C82B4E5130BD}.Writing|Mixed Platforms.Build.0 = Release|x64
		{474B9FC5-A29A-4C38-B96A-C82B4E5130BD}.Writing|Win32.ActiveCfg = Release|x64
		{474B9FC5-A29A-4C38-B96A-C82B4E5130BD}.Writing|x64.ActiveCfg = Release|x64
		{474B9FC5-A29A-4C38-B96A-C82B4E5130BD}.Writing|x64.Build.0 = Release|x64
		{474B9FC5-A29A-4C38-B96A-C82B4E5130BD}.Writing|x86.ActiveCfg = Release|x64
		{474B9FC5-A29A-4C38-B96A-C82B4E5130BD}.x64 Release|Any CPU.ActiveCfg = Release|Any CPU
		{474B9FC5-A29A-4C38-B96A-C82B4E5130BD}.x64 Release|Any CPU.Build.0 = Release|Any CPU
		{474B9FC5-A29A-4C38-B96A-C82B4E5130BD}.x64 Release|Mixed Platforms.ActiveCfg = Release|x86
		{474B9FC5-A29A-4C38-B96A-C82B4E5130BD}.x64 Release|Mixed Platforms.Build.0 = Release|x86
		{474B9FC5-A29A-4C38-B96A-C82B4E5130BD}.x64 Release|Win32.ActiveCfg = Release|x86
		{474B9FC5-A29A-4C38-B96A-C82B4E5130BD}.x64 Release|x64.ActiveCfg = Release|x86
		{474B9FC5-A29A-4C38-B96A-C82B4E5130BD}.x64 Release|x86.ActiveCfg = Release|x86
		{474B9FC5-A29A-4C38-B96A-C82B4E5130BD}.x64 Release|x86.Build.0 = Release|x86
		{938E298F-005C-42ED-9DC3-37100DCD8385}.Debug|Any CPU.ActiveCfg = Debug|Any CPU
		{938E298F-005C-42ED-9DC3-37100DCD8385}.Debug|Any CPU.Build.0 = Debug|Any CPU
		{938E298F-005C-42ED-9DC3-37100DCD8385}.Debug|Mixed Platforms.ActiveCfg = Debug|Any CPU
		{938E298F-005C-42ED-9DC3-37100DCD8385}.Debug|Mixed Platforms.Build.0 = Debug|Any CPU
		{938E298F-005C-42ED-9DC3-37100DCD8385}.Debug|Win32.ActiveCfg = Debug|Any CPU
		{938E298F-005C-42ED-9DC3-37100DCD8385}.Debug|x64.ActiveCfg = Debug|x64
		{938E298F-005C-42ED-9DC3-37100DCD8385}.Debug|x64.Build.0 = Debug|x64
		{938E298F-005C-42ED-9DC3-37100DCD8385}.Debug|x86.ActiveCfg = Debug|x86
		{938E298F-005C-42ED-9DC3-37100DCD8385}.Debug|x86.Build.0 = Debug|x86
		{938E298F-005C-42ED-9DC3-37100DCD8385}.Release|Any CPU.ActiveCfg = Release|Any CPU
		{938E298F-005C-42ED-9DC3-37100DCD8385}.Release|Any CPU.Build.0 = Release|Any CPU
		{938E298F-005C-42ED-9DC3-37100DCD8385}.Release|Mixed Platforms.ActiveCfg = Release|Any CPU
		{938E298F-005C-42ED-9DC3-37100DCD8385}.Release|Mixed Platforms.Build.0 = Release|Any CPU
		{938E298F-005C-42ED-9DC3-37100DCD8385}.Release|Win32.ActiveCfg = Release|Any CPU
		{938E298F-005C-42ED-9DC3-37100DCD8385}.Release|x64.ActiveCfg = Release|Any CPU
		{938E298F-005C-42ED-9DC3-37100DCD8385}.Release|x86.ActiveCfg = Release|x86
		{938E298F-005C-42ED-9DC3-37100DCD8385}.Release|x86.Build.0 = Release|x86
		{938E298F-005C-42ED-9DC3-37100DCD8385}.Test|Any CPU.ActiveCfg = Writing|Any CPU
		{938E298F-005C-42ED-9DC3-37100DCD8385}.Test|Any CPU.Build.0 = Writing|Any CPU
		{938E298F-005C-42ED-9DC3-37100DCD8385}.Test|Mixed Platforms.ActiveCfg = Writing|Any CPU
		{938E298F-005C-42ED-9DC3-37100DCD8385}.Test|Mixed Platforms.Build.0 = Writing|Any CPU
		{938E298F-005C-42ED-9DC3-37100DCD8385}.Test|Win32.ActiveCfg = Writing|Any CPU
		{938E298F-005C-42ED-9DC3-37100DCD8385}.Test|x64.ActiveCfg = Writing|Any CPU
		{938E298F-005C-42ED-9DC3-37100DCD8385}.Test|x86.ActiveCfg = Writing|Any CPU
		{938E298F-005C-42ED-9DC3-37100DCD8385}.Writing|Any CPU.ActiveCfg = Writing|Any CPU
		{938E298F-005C-42ED-9DC3-37100DCD8385}.Writing|Any CPU.Build.0 = Writing|Any CPU
		{938E298F-005C-42ED-9DC3-37100DCD8385}.Writing|Mixed Platforms.ActiveCfg = Writing|Any CPU
		{938E298F-005C-42ED-9DC3-37100DCD8385}.Writing|Mixed Platforms.Build.0 = Writing|Any CPU
		{938E298F-005C-42ED-9DC3-37100DCD8385}.Writing|Win32.ActiveCfg = Writing|Any CPU
		{938E298F-005C-42ED-9DC3-37100DCD8385}.Writing|x64.ActiveCfg = Writing|Any CPU
		{938E298F-005C-42ED-9DC3-37100DCD8385}.Writing|x86.ActiveCfg = Writing|Any CPU
		{938E298F-005C-42ED-9DC3-37100DCD8385}.x64 Release|Any CPU.ActiveCfg = Release|Any CPU
		{938E298F-005C-42ED-9DC3-37100DCD8385}.x64 Release|Any CPU.Build.0 = Release|Any CPU
		{938E298F-005C-42ED-9DC3-37100DCD8385}.x64 Release|Mixed Platforms.ActiveCfg = Release|Any CPU
		{938E298F-005C-42ED-9DC3-37100DCD8385}.x64 Release|Mixed Platforms.Build.0 = Release|Any CPU
		{938E298F-005C-42ED-9DC3-37100DCD8385}.x64 Release|Win32.ActiveCfg = Release|Any CPU
		{938E298F-005C-42ED-9DC3-37100DCD8385}.x64 Release|x64.ActiveCfg = Release|Any CPU
		{938E298F-005C-42ED-9DC3-37100DCD8385}.x64 Release|x86.ActiveCfg = Release|Any CPU
		{4E15F51B-7EBA-43FE-A1F2-36CF8A923FD7}.Debug|Any CPU.ActiveCfg = Debug|Win32
		{4E15F51B-7EBA-43FE-A1F2-36CF8A923FD7}.Debug|Mixed Platforms.ActiveCfg = Debug|Win32
		{4E15F51B-7EBA-43FE-A1F2-36CF8A923FD7}.Debug|Mixed Platforms.Build.0 = Debug|Win32
		{4E15F51B-7EBA-43FE-A1F2-36CF8A923FD7}.Debug|Win32.ActiveCfg = Debug|Win32
		{4E15F51B-7EBA-43FE-A1F2-36CF8A923FD7}.Debug|Win32.Build.0 = Debug|Win32
		{4E15F51B-7EBA-43FE-A1F2-36CF8A923FD7}.Debug|x64.ActiveCfg = Debug|x64
		{4E15F51B-7EBA-43FE-A1F2-36CF8A923FD7}.Debug|x64.Build.0 = Debug|x64
		{4E15F51B-7EBA-43FE-A1F2-36CF8A923FD7}.Debug|x86.ActiveCfg = Debug|Win32
		{4E15F51B-7EBA-43FE-A1F2-36CF8A923FD7}.Debug|x86.Build.0 = Debug|Win32
		{4E15F51B-7EBA-43FE-A1F2-36CF8A923FD7}.Release|Any CPU.ActiveCfg = Release|Win32
		{4E15F51B-7EBA-43FE-A1F2-36CF8A923FD7}.Release|Any CPU.Build.0 = Release|Win32
		{4E15F51B-7EBA-43FE-A1F2-36CF8A923FD7}.Release|Mixed Platforms.ActiveCfg = Release|Win32
		{4E15F51B-7EBA-43FE-A1F2-36CF8A923FD7}.Release|Mixed Platforms.Build.0 = Release|Win32
		{4E15F51B-7EBA-43FE-A1F2-36CF8A923FD7}.Release|Win32.ActiveCfg = Release|Win32
		{4E15F51B-7EBA-43FE-A1F2-36CF8A923FD7}.Release|Win32.Build.0 = Release|Win32
		{4E15F51B-7EBA-43FE-A1F2-36CF8A923FD7}.Release|x64.ActiveCfg = Release|x64
		{4E15F51B-7EBA-43FE-A1F2-36CF8A923FD7}.Release|x64.Build.0 = Release|x64
		{4E15F51B-7EBA-43FE-A1F2-36CF8A923FD7}.Release|x86.ActiveCfg = Release|Win32
		{4E15F51B-7EBA-43FE-A1F2-36CF8A923FD7}.Release|x86.Build.0 = Release|Win32
		{4E15F51B-7EBA-43FE-A1F2-36CF8A923FD7}.Test|Any CPU.ActiveCfg = Release|Win32
		{4E15F51B-7EBA-43FE-A1F2-36CF8A923FD7}.Test|Mixed Platforms.ActiveCfg = Release|Win32
		{4E15F51B-7EBA-43FE-A1F2-36CF8A923FD7}.Test|Mixed Platforms.Build.0 = Release|Win32
		{4E15F51B-7EBA-43FE-A1F2-36CF8A923FD7}.Test|Win32.ActiveCfg = Release|Win32
		{4E15F51B-7EBA-43FE-A1F2-36CF8A923FD7}.Test|Win32.Build.0 = Release|Win32
		{4E15F51B-7EBA-43FE-A1F2-36CF8A923FD7}.Test|x64.ActiveCfg = Release|Win32
		{4E15F51B-7EBA-43FE-A1F2-36CF8A923FD7}.Test|x86.ActiveCfg = Release|Win32
		{4E15F51B-7EBA-43FE-A1F2-36CF8A923FD7}.Writing|Any CPU.ActiveCfg = Release|Win32
		{4E15F51B-7EBA-43FE-A1F2-36CF8A923FD7}.Writing|Mixed Platforms.ActiveCfg = Release|Win32
		{4E15F51B-7EBA-43FE-A1F2-36CF8A923FD7}.Writing|Mixed Platforms.Build.0 = Release|Win32
		{4E15F51B-7EBA-43FE-A1F2-36CF8A923FD7}.Writing|Win32.ActiveCfg = Release|Win32
		{4E15F51B-7EBA-43FE-A1F2-36CF8A923FD7}.Writing|Win32.Build.0 = Release|Win32
		{4E15F51B-7EBA-43FE-A1F2-36CF8A923FD7}.Writing|x64.ActiveCfg = Release|Win32
		{4E15F51B-7EBA-43FE-A1F2-36CF8A923FD7}.Writing|x86.ActiveCfg = Release|Win32
		{4E15F51B-7EBA-43FE-A1F2-36CF8A923FD7}.x64 Release|Any CPU.ActiveCfg = Release|x64
		{4E15F51B-7EBA-43FE-A1F2-36CF8A923FD7}.x64 Release|Mixed Platforms.ActiveCfg = Release|x64
		{4E15F51B-7EBA-43FE-A1F2-36CF8A923FD7}.x64 Release|Mixed Platforms.Build.0 = Release|x64
		{4E15F51B-7EBA-43FE-A1F2-36CF8A923FD7}.x64 Release|Win32.ActiveCfg = Release|Win32
		{4E15F51B-7EBA-43FE-A1F2-36CF8A923FD7}.x64 Release|Win32.Build.0 = Release|Win32
		{4E15F51B-7EBA-43FE-A1F2-36CF8A923FD7}.x64 Release|x64.ActiveCfg = Release|x64
		{4E15F51B-7EBA-43FE-A1F2-36CF8A923FD7}.x64 Release|x64.Build.0 = Release|x64
		{4E15F51B-7EBA-43FE-A1F2-36CF8A923FD7}.x64 Release|x86.ActiveCfg = Release|x64
		{56B4A07C-45BD-4722-9A9C-996BD2097320}.Debug|Any CPU.ActiveCfg = Debug|Any CPU
		{56B4A07C-45BD-4722-9A9C-996BD2097320}.Debug|Any CPU.Build.0 = Debug|Any CPU
		{56B4A07C-45BD-4722-9A9C-996BD2097320}.Debug|Mixed Platforms.ActiveCfg = Debug|x86
		{56B4A07C-45BD-4722-9A9C-996BD2097320}.Debug|Mixed Platforms.Build.0 = Debug|x86
		{56B4A07C-45BD-4722-9A9C-996BD2097320}.Debug|Win32.ActiveCfg = Debug|x86
		{56B4A07C-45BD-4722-9A9C-996BD2097320}.Debug|x64.ActiveCfg = Debug|x64
		{56B4A07C-45BD-4722-9A9C-996BD2097320}.Debug|x64.Build.0 = Debug|x64
		{56B4A07C-45BD-4722-9A9C-996BD2097320}.Debug|x86.ActiveCfg = Debug|x86
		{56B4A07C-45BD-4722-9A9C-996BD2097320}.Debug|x86.Build.0 = Debug|x86
		{56B4A07C-45BD-4722-9A9C-996BD2097320}.Release|Any CPU.ActiveCfg = Release|Any CPU
		{56B4A07C-45BD-4722-9A9C-996BD2097320}.Release|Any CPU.Build.0 = Release|Any CPU
		{56B4A07C-45BD-4722-9A9C-996BD2097320}.Release|Mixed Platforms.ActiveCfg = Release|x86
		{56B4A07C-45BD-4722-9A9C-996BD2097320}.Release|Mixed Platforms.Build.0 = Release|x86
		{56B4A07C-45BD-4722-9A9C-996BD2097320}.Release|Win32.ActiveCfg = Release|x86
		{56B4A07C-45BD-4722-9A9C-996BD2097320}.Release|x64.ActiveCfg = Release|x64
		{56B4A07C-45BD-4722-9A9C-996BD2097320}.Release|x64.Build.0 = Release|x64
		{56B4A07C-45BD-4722-9A9C-996BD2097320}.Release|x86.ActiveCfg = Release|x86
		{56B4A07C-45BD-4722-9A9C-996BD2097320}.Release|x86.Build.0 = Release|x86
		{56B4A07C-45BD-4722-9A9C-996BD2097320}.Test|Any CPU.ActiveCfg = Release|x64
		{56B4A07C-45BD-4722-9A9C-996BD2097320}.Test|Mixed Platforms.ActiveCfg = Release|x64
		{56B4A07C-45BD-4722-9A9C-996BD2097320}.Test|Mixed Platforms.Build.0 = Release|x64
		{56B4A07C-45BD-4722-9A9C-996BD2097320}.Test|Win32.ActiveCfg = Release|x64
		{56B4A07C-45BD-4722-9A9C-996BD2097320}.Test|x64.ActiveCfg = Release|x64
		{56B4A07C-45BD-4722-9A9C-996BD2097320}.Test|x64.Build.0 = Release|x64
		{56B4A07C-45BD-4722-9A9C-996BD2097320}.Test|x86.ActiveCfg = Release|x64
		{56B4A07C-45BD-4722-9A9C-996BD2097320}.Writing|Any CPU.ActiveCfg = Release|x64
		{56B4A07C-45BD-4722-9A9C-996BD2097320}.Writing|Mixed Platforms.ActiveCfg = Release|x64
		{56B4A07C-45BD-4722-9A9C-996BD2097320}.Writing|Mixed Platforms.Build.0 = Release|x64
		{56B4A07C-45BD-4722-9A9C-996BD2097320}.Writing|Win32.ActiveCfg = Release|x64
		{56B4A07C-45BD-4722-9A9C-996BD2097320}.Writing|x64.ActiveCfg = Release|x64
		{56B4A07C-45BD-4722-9A9C-996BD2097320}.Writing|x64.Build.0 = Release|x64
		{56B4A07C-45BD-4722-9A9C-996BD2097320}.Writing|x86.ActiveCfg = Release|x64
		{56B4A07C-45BD-4722-9A9C-996BD2097320}.x64 Release|Any CPU.ActiveCfg = Release|Any CPU
		{56B4A07C-45BD-4722-9A9C-996BD2097320}.x64 Release|Any CPU.Build.0 = Release|Any CPU
		{56B4A07C-45BD-4722-9A9C-996BD2097320}.x64 Release|Mixed Platforms.ActiveCfg = Release|x64
		{56B4A07C-45BD-4722-9A9C-996BD2097320}.x64 Release|Mixed Platforms.Build.0 = Release|x64
		{56B4A07C-45BD-4722-9A9C-996BD2097320}.x64 Release|Win32.ActiveCfg = Release|x64
		{56B4A07C-45BD-4722-9A9C-996BD2097320}.x64 Release|x64.ActiveCfg = Release|x64
		{56B4A07C-45BD-4722-9A9C-996BD2097320}.x64 Release|x64.Build.0 = Release|x64
		{56B4A07C-45BD-4722-9A9C-996BD2097320}.x64 Release|x86.ActiveCfg = Release|x86
		{56B4A07C-45BD-4722-9A9C-996BD2097320}.x64 Release|x86.Build.0 = Release|x86
		{615BFEA7-C826-4799-88CE-F2E57CF5325F}.Debug|Any CPU.ActiveCfg = Debug|Any CPU
		{615BFEA7-C826-4799-88CE-F2E57CF5325F}.Debug|Any CPU.Build.0 = Debug|Any CPU
		{615BFEA7-C826-4799-88CE-F2E57CF5325F}.Debug|Mixed Platforms.ActiveCfg = Debug|x64
		{615BFEA7-C826-4799-88CE-F2E57CF5325F}.Debug|Mixed Platforms.Build.0 = Debug|x64
		{615BFEA7-C826-4799-88CE-F2E57CF5325F}.Debug|Win32.ActiveCfg = Debug|x64
		{615BFEA7-C826-4799-88CE-F2E57CF5325F}.Debug|x64.ActiveCfg = Debug|x64
		{615BFEA7-C826-4799-88CE-F2E57CF5325F}.Debug|x64.Build.0 = Debug|x64
		{615BFEA7-C826-4799-88CE-F2E57CF5325F}.Debug|x86.ActiveCfg = Debug|x86
		{615BFEA7-C826-4799-88CE-F2E57CF5325F}.Debug|x86.Build.0 = Debug|x86
		{615BFEA7-C826-4799-88CE-F2E57CF5325F}.Release|Any CPU.ActiveCfg = Release|Any CPU
		{615BFEA7-C826-4799-88CE-F2E57CF5325F}.Release|Any CPU.Build.0 = Release|Any CPU
		{615BFEA7-C826-4799-88CE-F2E57CF5325F}.Release|Mixed Platforms.ActiveCfg = Release|x64
		{615BFEA7-C826-4799-88CE-F2E57CF5325F}.Release|Mixed Platforms.Build.0 = Release|x64
		{615BFEA7-C826-4799-88CE-F2E57CF5325F}.Release|Win32.ActiveCfg = Release|x64
		{615BFEA7-C826-4799-88CE-F2E57CF5325F}.Release|x64.ActiveCfg = Release|x64
		{615BFEA7-C826-4799-88CE-F2E57CF5325F}.Release|x64.Build.0 = Release|x64
		{615BFEA7-C826-4799-88CE-F2E57CF5325F}.Release|x86.ActiveCfg = Release|x86
		{615BFEA7-C826-4799-88CE-F2E57CF5325F}.Release|x86.Build.0 = Release|x86
		{615BFEA7-C826-4799-88CE-F2E57CF5325F}.Test|Any CPU.ActiveCfg = Release|x64
		{615BFEA7-C826-4799-88CE-F2E57CF5325F}.Test|Mixed Platforms.ActiveCfg = Release|x64
		{615BFEA7-C826-4799-88CE-F2E57CF5325F}.Test|Mixed Platforms.Build.0 = Release|x64
		{615BFEA7-C826-4799-88CE-F2E57CF5325F}.Test|Win32.ActiveCfg = Release|x64
		{615BFEA7-C826-4799-88CE-F2E57CF5325F}.Test|x64.ActiveCfg = Release|x64
		{615BFEA7-C826-4799-88CE-F2E57CF5325F}.Test|x64.Build.0 = Release|x64
		{615BFEA7-C826-4799-88CE-F2E57CF5325F}.Test|x86.ActiveCfg = Release|x64
		{615BFEA7-C826-4799-88CE-F2E57CF5325F}.Writing|Any CPU.ActiveCfg = Release|x64
		{615BFEA7-C826-4799-88CE-F2E57CF5325F}.Writing|Mixed Platforms.ActiveCfg = Release|x64
		{615BFEA7-C826-4799-88CE-F2E57CF5325F}.Writing|Mixed Platforms.Build.0 = Release|x64
		{615BFEA7-C826-4799-88CE-F2E57CF5325F}.Writing|Win32.ActiveCfg = Release|x64
		{615BFEA7-C826-4799-88CE-F2E57CF5325F}.Writing|x64.ActiveCfg = Release|x64
		{615BFEA7-C826-4799-88CE-F2E57CF5325F}.Writing|x64.Build.0 = Release|x64
		{615BFEA7-C826-4799-88CE-F2E57CF5325F}.Writing|x86.ActiveCfg = Release|x64
		{615BFEA7-C826-4799-88CE-F2E57CF5325F}.x64 Release|Any CPU.ActiveCfg = Release|Any CPU
		{615BFEA7-C826-4799-88CE-F2E57CF5325F}.x64 Release|Any CPU.Build.0 = Release|Any CPU
		{615BFEA7-C826-4799-88CE-F2E57CF5325F}.x64 Release|Mixed Platforms.ActiveCfg = Release|x86
		{615BFEA7-C826-4799-88CE-F2E57CF5325F}.x64 Release|Mixed Platforms.Build.0 = Release|x86
		{615BFEA7-C826-4799-88CE-F2E57CF5325F}.x64 Release|Win32.ActiveCfg = Release|x86
		{615BFEA7-C826-4799-88CE-F2E57CF5325F}.x64 Release|x64.ActiveCfg = Release|x64
		{615BFEA7-C826-4799-88CE-F2E57CF5325F}.x64 Release|x64.Build.0 = Release|x64
		{615BFEA7-C826-4799-88CE-F2E57CF5325F}.x64 Release|x86.ActiveCfg = Release|x86
		{615BFEA7-C826-4799-88CE-F2E57CF5325F}.x64 Release|x86.Build.0 = Release|x86
		{41573BED-3EE6-4FBB-9CB6-865647C1DB42}.Debug|Any CPU.ActiveCfg = Debug|Any CPU
		{41573BED-3EE6-4FBB-9CB6-865647C1DB42}.Debug|Any CPU.Build.0 = Debug|Any CPU
		{41573BED-3EE6-4FBB-9CB6-865647C1DB42}.Debug|Mixed Platforms.ActiveCfg = Debug|Any CPU
		{41573BED-3EE6-4FBB-9CB6-865647C1DB42}.Debug|Mixed Platforms.Build.0 = Debug|Any CPU
		{41573BED-3EE6-4FBB-9CB6-865647C1DB42}.Debug|Win32.ActiveCfg = Debug|Any CPU
		{41573BED-3EE6-4FBB-9CB6-865647C1DB42}.Debug|x64.ActiveCfg = Debug|x64
		{41573BED-3EE6-4FBB-9CB6-865647C1DB42}.Debug|x64.Build.0 = Debug|x64
		{41573BED-3EE6-4FBB-9CB6-865647C1DB42}.Debug|x86.ActiveCfg = Debug|x86
		{41573BED-3EE6-4FBB-9CB6-865647C1DB42}.Debug|x86.Build.0 = Debug|x86
		{41573BED-3EE6-4FBB-9CB6-865647C1DB42}.Release|Any CPU.ActiveCfg = Release|Any CPU
		{41573BED-3EE6-4FBB-9CB6-865647C1DB42}.Release|Any CPU.Build.0 = Release|Any CPU
		{41573BED-3EE6-4FBB-9CB6-865647C1DB42}.Release|Mixed Platforms.ActiveCfg = Release|Any CPU
		{41573BED-3EE6-4FBB-9CB6-865647C1DB42}.Release|Mixed Platforms.Build.0 = Release|Any CPU
		{41573BED-3EE6-4FBB-9CB6-865647C1DB42}.Release|Win32.ActiveCfg = Release|Any CPU
		{41573BED-3EE6-4FBB-9CB6-865647C1DB42}.Release|x64.ActiveCfg = Release|x64
		{41573BED-3EE6-4FBB-9CB6-865647C1DB42}.Release|x64.Build.0 = Release|x64
		{41573BED-3EE6-4FBB-9CB6-865647C1DB42}.Release|x86.ActiveCfg = Release|x86
		{41573BED-3EE6-4FBB-9CB6-865647C1DB42}.Release|x86.Build.0 = Release|x86
		{41573BED-3EE6-4FBB-9CB6-865647C1DB42}.Test|Any CPU.ActiveCfg = Release|Any CPU
		{41573BED-3EE6-4FBB-9CB6-865647C1DB42}.Test|Any CPU.Build.0 = Release|Any CPU
		{41573BED-3EE6-4FBB-9CB6-865647C1DB42}.Test|Mixed Platforms.ActiveCfg = Release|Any CPU
		{41573BED-3EE6-4FBB-9CB6-865647C1DB42}.Test|Mixed Platforms.Build.0 = Release|Any CPU
		{41573BED-3EE6-4FBB-9CB6-865647C1DB42}.Test|Win32.ActiveCfg = Release|Any CPU
		{41573BED-3EE6-4FBB-9CB6-865647C1DB42}.Test|x64.ActiveCfg = Release|Any CPU
		{41573BED-3EE6-4FBB-9CB6-865647C1DB42}.Test|x86.ActiveCfg = Release|Any CPU
		{41573BED-3EE6-4FBB-9CB6-865647C1DB42}.Writing|Any CPU.ActiveCfg = Release|Any CPU
		{41573BED-3EE6-4FBB-9CB6-865647C1DB42}.Writing|Any CPU.Build.0 = Release|Any CPU
		{41573BED-3EE6-4FBB-9CB6-865647C1DB42}.Writing|Mixed Platforms.ActiveCfg = Release|Any CPU
		{41573BED-3EE6-4FBB-9CB6-865647C1DB42}.Writing|Mixed Platforms.Build.0 = Release|Any CPU
		{41573BED-3EE6-4FBB-9CB6-865647C1DB42}.Writing|Win32.ActiveCfg = Release|Any CPU
		{41573BED-3EE6-4FBB-9CB6-865647C1DB42}.Writing|x64.ActiveCfg = Release|Any CPU
		{41573BED-3EE6-4FBB-9CB6-865647C1DB42}.Writing|x86.ActiveCfg = Release|Any CPU
		{41573BED-3EE6-4FBB-9CB6-865647C1DB42}.x64 Release|Any CPU.ActiveCfg = Release|Any CPU
		{41573BED-3EE6-4FBB-9CB6-865647C1DB42}.x64 Release|Any CPU.Build.0 = Release|Any CPU
		{41573BED-3EE6-4FBB-9CB6-865647C1DB42}.x64 Release|Mixed Platforms.ActiveCfg = Release|x64
		{41573BED-3EE6-4FBB-9CB6-865647C1DB42}.x64 Release|Mixed Platforms.Build.0 = Release|x64
		{41573BED-3EE6-4FBB-9CB6-865647C1DB42}.x64 Release|Win32.ActiveCfg = Release|x64
		{41573BED-3EE6-4FBB-9CB6-865647C1DB42}.x64 Release|x64.ActiveCfg = Release|x64
		{41573BED-3EE6-4FBB-9CB6-865647C1DB42}.x64 Release|x64.Build.0 = Release|x64
		{41573BED-3EE6-4FBB-9CB6-865647C1DB42}.x64 Release|x86.ActiveCfg = Release|x86
		{41573BED-3EE6-4FBB-9CB6-865647C1DB42}.x64 Release|x86.Build.0 = Release|x86
		{0C57E07C-0E4A-4599-ABC2-5DC464691CFF}.Debug|Any CPU.ActiveCfg = Debug|Any CPU
		{0C57E07C-0E4A-4599-ABC2-5DC464691CFF}.Debug|Any CPU.Build.0 = Debug|Any CPU
		{0C57E07C-0E4A-4599-ABC2-5DC464691CFF}.Debug|Mixed Platforms.ActiveCfg = Debug|Any CPU
		{0C57E07C-0E4A-4599-ABC2-5DC464691CFF}.Debug|Mixed Platforms.Build.0 = Debug|Any CPU
		{0C57E07C-0E4A-4599-ABC2-5DC464691CFF}.Debug|Win32.ActiveCfg = Debug|Any CPU
		{0C57E07C-0E4A-4599-ABC2-5DC464691CFF}.Debug|x64.ActiveCfg = Debug|x64
		{0C57E07C-0E4A-4599-ABC2-5DC464691CFF}.Debug|x64.Build.0 = Debug|x64
		{0C57E07C-0E4A-4599-ABC2-5DC464691CFF}.Debug|x86.ActiveCfg = Debug|x86
		{0C57E07C-0E4A-4599-ABC2-5DC464691CFF}.Debug|x86.Build.0 = Debug|x86
		{0C57E07C-0E4A-4599-ABC2-5DC464691CFF}.Release|Any CPU.ActiveCfg = Release|Any CPU
		{0C57E07C-0E4A-4599-ABC2-5DC464691CFF}.Release|Any CPU.Build.0 = Release|Any CPU
		{0C57E07C-0E4A-4599-ABC2-5DC464691CFF}.Release|Mixed Platforms.ActiveCfg = Release|Any CPU
		{0C57E07C-0E4A-4599-ABC2-5DC464691CFF}.Release|Mixed Platforms.Build.0 = Release|Any CPU
		{0C57E07C-0E4A-4599-ABC2-5DC464691CFF}.Release|Win32.ActiveCfg = Release|Any CPU
		{0C57E07C-0E4A-4599-ABC2-5DC464691CFF}.Release|x64.ActiveCfg = Release|x64
		{0C57E07C-0E4A-4599-ABC2-5DC464691CFF}.Release|x64.Build.0 = Release|x64
		{0C57E07C-0E4A-4599-ABC2-5DC464691CFF}.Release|x86.ActiveCfg = Release|x86
		{0C57E07C-0E4A-4599-ABC2-5DC464691CFF}.Release|x86.Build.0 = Release|x86
		{0C57E07C-0E4A-4599-ABC2-5DC464691CFF}.Test|Any CPU.ActiveCfg = Release|Any CPU
		{0C57E07C-0E4A-4599-ABC2-5DC464691CFF}.Test|Any CPU.Build.0 = Release|Any CPU
		{0C57E07C-0E4A-4599-ABC2-5DC464691CFF}.Test|Mixed Platforms.ActiveCfg = Release|Any CPU
		{0C57E07C-0E4A-4599-ABC2-5DC464691CFF}.Test|Mixed Platforms.Build.0 = Release|Any CPU
		{0C57E07C-0E4A-4599-ABC2-5DC464691CFF}.Test|Win32.ActiveCfg = Release|Any CPU
		{0C57E07C-0E4A-4599-ABC2-5DC464691CFF}.Test|x64.ActiveCfg = Release|Any CPU
		{0C57E07C-0E4A-4599-ABC2-5DC464691CFF}.Test|x86.ActiveCfg = Release|Any CPU
		{0C57E07C-0E4A-4599-ABC2-5DC464691CFF}.Writing|Any CPU.ActiveCfg = Release|Any CPU
		{0C57E07C-0E4A-4599-ABC2-5DC464691CFF}.Writing|Any CPU.Build.0 = Release|Any CPU
		{0C57E07C-0E4A-4599-ABC2-5DC464691CFF}.Writing|Mixed Platforms.ActiveCfg = Release|Any CPU
		{0C57E07C-0E4A-4599-ABC2-5DC464691CFF}.Writing|Mixed Platforms.Build.0 = Release|Any CPU
		{0C57E07C-0E4A-4599-ABC2-5DC464691CFF}.Writing|Win32.ActiveCfg = Release|Any CPU
		{0C57E07C-0E4A-4599-ABC2-5DC464691CFF}.Writing|x64.ActiveCfg = Release|Any CPU
		{0C57E07C-0E4A-4599-ABC2-5DC464691CFF}.Writing|x86.ActiveCfg = Release|Any CPU
		{0C57E07C-0E4A-4599-ABC2-5DC464691CFF}.x64 Release|Any CPU.ActiveCfg = Release|Any CPU
		{0C57E07C-0E4A-4599-ABC2-5DC464691CFF}.x64 Release|Any CPU.Build.0 = Release|Any CPU
		{0C57E07C-0E4A-4599-ABC2-5DC464691CFF}.x64 Release|Mixed Platforms.ActiveCfg = Release|x64
		{0C57E07C-0E4A-4599-ABC2-5DC464691CFF}.x64 Release|Mixed Platforms.Build.0 = Release|x64
		{0C57E07C-0E4A-4599-ABC2-5DC464691CFF}.x64 Release|Win32.ActiveCfg = Release|x64
		{0C57E07C-0E4A-4599-ABC2-5DC464691CFF}.x64 Release|x64.ActiveCfg = Release|x64
		{0C57E07C-0E4A-4599-ABC2-5DC464691CFF}.x64 Release|x64.Build.0 = Release|x64
		{0C57E07C-0E4A-4599-ABC2-5DC464691CFF}.x64 Release|x86.ActiveCfg = Release|x86
		{0C57E07C-0E4A-4599-ABC2-5DC464691CFF}.x64 Release|x86.Build.0 = Release|x86
	EndGlobalSection
	GlobalSection(SolutionProperties) = preSolution
		HideSolutionNode = FALSE
	EndGlobalSection
EndGlobal
